// !$*UTF8*$!
{
	archiveVersion = 1;
	classes = {
	};
	objectVersion = 51;
	objects = {

/* Begin PBXBuildFile section */
		0979B2FA07AC68EFDF4A4F21 /* Pods_PortfolioSocial.framework in Frameworks */ = {isa = PBXBuildFile; fileRef = E30D1A55956138AD56006D78 /* Pods_PortfolioSocial.framework */; };
		424EA59D1B203871678457CE /* Pods_PortfolioSocial_PortfolioSocialUITests.framework in Frameworks */ = {isa = PBXBuildFile; fileRef = EBE4AE32691C44559FF5FF93 /* Pods_PortfolioSocial_PortfolioSocialUITests.framework */; };
		A41013C1262D9773005B0D9D /* ActivityCell.swift in Sources */ = {isa = PBXBuildFile; fileRef = A41013C0262D9773005B0D9D /* ActivityCell.swift */; };
		A41157172613CEB300A78DD9 /* CropScrollView.swift in Sources */ = {isa = PBXBuildFile; fileRef = A41157162613CEB300A78DD9 /* CropScrollView.swift */; };
		A425842925A614E0005EB7BE /* AppDelegate.swift in Sources */ = {isa = PBXBuildFile; fileRef = A425842825A614E0005EB7BE /* AppDelegate.swift */; };
		A425843025A614E0005EB7BE /* Main.storyboard in Resources */ = {isa = PBXBuildFile; fileRef = A425842E25A614E0005EB7BE /* Main.storyboard */; };
		A425843225A614E3005EB7BE /* Assets.xcassets in Resources */ = {isa = PBXBuildFile; fileRef = A425843125A614E3005EB7BE /* Assets.xcassets */; };
		A425843525A614E3005EB7BE /* LaunchScreen.storyboard in Resources */ = {isa = PBXBuildFile; fileRef = A425843325A614E3005EB7BE /* LaunchScreen.storyboard */; };
		A425844025A614E4005EB7BE /* PortfolioSocialTests.swift in Sources */ = {isa = PBXBuildFile; fileRef = A425843F25A614E4005EB7BE /* PortfolioSocialTests.swift */; };
		A425844B25A614E4005EB7BE /* PortfolioSocialUITests.swift in Sources */ = {isa = PBXBuildFile; fileRef = A425844A25A614E4005EB7BE /* PortfolioSocialUITests.swift */; };
		A425846F25A637DE005EB7BE /* TabBarController.swift in Sources */ = {isa = PBXBuildFile; fileRef = A425846E25A637DD005EB7BE /* TabBarController.swift */; };
		A42584E325A72DC7005EB7BE /* SearchViewInterfaces.swift in Sources */ = {isa = PBXBuildFile; fileRef = A42584DE25A72DC7005EB7BE /* SearchViewInterfaces.swift */; };
		A42584E425A72DC7005EB7BE /* SearchViewPresenter.swift in Sources */ = {isa = PBXBuildFile; fileRef = A42584DF25A72DC7005EB7BE /* SearchViewPresenter.swift */; };
		A42584E525A72DC7005EB7BE /* SearchViewViewController.swift in Sources */ = {isa = PBXBuildFile; fileRef = A42584E025A72DC7005EB7BE /* SearchViewViewController.swift */; };
		A42584E625A72DC7005EB7BE /* SearchViewInteractor.swift in Sources */ = {isa = PBXBuildFile; fileRef = A42584E125A72DC7005EB7BE /* SearchViewInteractor.swift */; };
		A42584E725A72DC7005EB7BE /* SearchViewWireframe.swift in Sources */ = {isa = PBXBuildFile; fileRef = A42584E225A72DC7005EB7BE /* SearchViewWireframe.swift */; };
		A42584EF25A72DE0005EB7BE /* ViperBaseClasses.swift in Sources */ = {isa = PBXBuildFile; fileRef = A42584EE25A72DE0005EB7BE /* ViperBaseClasses.swift */; };
		A425851025A73088005EB7BE /* ProfileScreenInterfaces.swift in Sources */ = {isa = PBXBuildFile; fileRef = A425850B25A73088005EB7BE /* ProfileScreenInterfaces.swift */; };
		A425851125A73088005EB7BE /* ProfileScreenPresenter.swift in Sources */ = {isa = PBXBuildFile; fileRef = A425850C25A73088005EB7BE /* ProfileScreenPresenter.swift */; };
		A425851225A73088005EB7BE /* ProfileScreenViewController.swift in Sources */ = {isa = PBXBuildFile; fileRef = A425850D25A73088005EB7BE /* ProfileScreenViewController.swift */; };
		A425851325A73088005EB7BE /* ProfileScreenInteractor.swift in Sources */ = {isa = PBXBuildFile; fileRef = A425850E25A73088005EB7BE /* ProfileScreenInteractor.swift */; };
		A425851425A73088005EB7BE /* ProfileScreenWireframe.swift in Sources */ = {isa = PBXBuildFile; fileRef = A425850F25A73088005EB7BE /* ProfileScreenWireframe.swift */; };
		A425852125A73564005EB7BE /* LoginInterfaces.swift in Sources */ = {isa = PBXBuildFile; fileRef = A425851C25A73564005EB7BE /* LoginInterfaces.swift */; };
		A425852225A73564005EB7BE /* LoginPresenter.swift in Sources */ = {isa = PBXBuildFile; fileRef = A425851D25A73564005EB7BE /* LoginPresenter.swift */; };
		A425852325A73564005EB7BE /* LoginViewController.swift in Sources */ = {isa = PBXBuildFile; fileRef = A425851E25A73564005EB7BE /* LoginViewController.swift */; };
		A425852425A73564005EB7BE /* LoginInteractor.swift in Sources */ = {isa = PBXBuildFile; fileRef = A425851F25A73564005EB7BE /* LoginInteractor.swift */; };
		A425852525A73564005EB7BE /* LoginWireframe.swift in Sources */ = {isa = PBXBuildFile; fileRef = A425852025A73564005EB7BE /* LoginWireframe.swift */; };
		A425854F25A739C7005EB7BE /* ActivityInterfaces.swift in Sources */ = {isa = PBXBuildFile; fileRef = A425854A25A739C7005EB7BE /* ActivityInterfaces.swift */; };
		A425855025A739C7005EB7BE /* ActivityPresenter.swift in Sources */ = {isa = PBXBuildFile; fileRef = A425854B25A739C7005EB7BE /* ActivityPresenter.swift */; };
		A425855125A739C7005EB7BE /* ActivityViewController.swift in Sources */ = {isa = PBXBuildFile; fileRef = A425854C25A739C7005EB7BE /* ActivityViewController.swift */; };
		A425855225A739C7005EB7BE /* ActivityInteractor.swift in Sources */ = {isa = PBXBuildFile; fileRef = A425854D25A739C7005EB7BE /* ActivityInteractor.swift */; };
		A425855325A739C7005EB7BE /* ActivityWireframe.swift in Sources */ = {isa = PBXBuildFile; fileRef = A425854E25A739C7005EB7BE /* ActivityWireframe.swift */; };
		A425856225A739D8005EB7BE /* AddPostInterfaces.swift in Sources */ = {isa = PBXBuildFile; fileRef = A425855D25A739D8005EB7BE /* AddPostInterfaces.swift */; };
		A425856325A739D8005EB7BE /* AddPostPresenter.swift in Sources */ = {isa = PBXBuildFile; fileRef = A425855E25A739D8005EB7BE /* AddPostPresenter.swift */; };
		A425856425A739D8005EB7BE /* AddPostViewController.swift in Sources */ = {isa = PBXBuildFile; fileRef = A425855F25A739D8005EB7BE /* AddPostViewController.swift */; };
		A425856525A739D8005EB7BE /* AddPostInteractor.swift in Sources */ = {isa = PBXBuildFile; fileRef = A425856025A739D8005EB7BE /* AddPostInteractor.swift */; };
		A425856625A739D8005EB7BE /* AddPostWireframe.swift in Sources */ = {isa = PBXBuildFile; fileRef = A425856125A739D8005EB7BE /* AddPostWireframe.swift */; };
		A425857225A739EA005EB7BE /* HomeFeedInterfaces.swift in Sources */ = {isa = PBXBuildFile; fileRef = A425856D25A739EA005EB7BE /* HomeFeedInterfaces.swift */; };
		A425857325A739EA005EB7BE /* HomeFeedPresenter.swift in Sources */ = {isa = PBXBuildFile; fileRef = A425856E25A739EA005EB7BE /* HomeFeedPresenter.swift */; };
		A425857425A739EA005EB7BE /* HomeFeedViewController.swift in Sources */ = {isa = PBXBuildFile; fileRef = A425856F25A739EA005EB7BE /* HomeFeedViewController.swift */; };
		A425857525A739EA005EB7BE /* HomeFeedInteractor.swift in Sources */ = {isa = PBXBuildFile; fileRef = A425857025A739EA005EB7BE /* HomeFeedInteractor.swift */; };
		A425857625A739EA005EB7BE /* HomeFeedWireframe.swift in Sources */ = {isa = PBXBuildFile; fileRef = A425857125A739EA005EB7BE /* HomeFeedWireframe.swift */; };
		A42585B525A7454A005EB7BE /* UIColor+Extension.swift in Sources */ = {isa = PBXBuildFile; fileRef = A42585B425A7454A005EB7BE /* UIColor+Extension.swift */; };
		A42585D025A749B9005EB7BE /* UserModel.swift in Sources */ = {isa = PBXBuildFile; fileRef = A42585CF25A749B9005EB7BE /* UserModel.swift */; };
		A425897A25A77005005EB7BE /* GoogleService-Info.plist in Resources */ = {isa = PBXBuildFile; fileRef = A425897925A77005005EB7BE /* GoogleService-Info.plist */; };
		A42589D625AB8313005EB7BE /* UIKit.framework in Frameworks */ = {isa = PBXBuildFile; fileRef = A42589D525AB8313005EB7BE /* UIKit.framework */; };
		A42589D825AB8320005EB7BE /* CoreServices.framework in Frameworks */ = {isa = PBXBuildFile; fileRef = A42589D725AB8320005EB7BE /* CoreServices.framework */; };
		A435D49325B971370097BD5A /* UIImage+Extension.swift in Sources */ = {isa = PBXBuildFile; fileRef = A435D49225B971370097BD5A /* UIImage+Extension.swift */; };
		A435D49725B97C800097BD5A /* UserStatisticsContainer.swift in Sources */ = {isa = PBXBuildFile; fileRef = A435D49625B97C800097BD5A /* UserStatisticsContainer.swift */; };
		A435D49D25B9B16B0097BD5A /* UserInformationStack.swift in Sources */ = {isa = PBXBuildFile; fileRef = A435D49C25B9B16B0097BD5A /* UserInformationStack.swift */; };
		A44F1A1C25D41FA900483327 /* UpdateProfilePhoto.swift in Sources */ = {isa = PBXBuildFile; fileRef = A44F1A1B25D41FA900483327 /* UpdateProfilePhoto.swift */; };
		A459C00C25BAFF4B00859C94 /* EditProfileInterfaces.swift in Sources */ = {isa = PBXBuildFile; fileRef = A459C00725BAFF4B00859C94 /* EditProfileInterfaces.swift */; };
		A459C00D25BAFF4B00859C94 /* EditProfilePresenter.swift in Sources */ = {isa = PBXBuildFile; fileRef = A459C00825BAFF4B00859C94 /* EditProfilePresenter.swift */; };
		A459C00E25BAFF4B00859C94 /* EditProfileViewController.swift in Sources */ = {isa = PBXBuildFile; fileRef = A459C00925BAFF4B00859C94 /* EditProfileViewController.swift */; };
		A459C00F25BAFF4B00859C94 /* EditProfileInteractor.swift in Sources */ = {isa = PBXBuildFile; fileRef = A459C00A25BAFF4B00859C94 /* EditProfileInteractor.swift */; };
		A459C01025BAFF4B00859C94 /* EditProfileWireframe.swift in Sources */ = {isa = PBXBuildFile; fileRef = A459C00B25BAFF4B00859C94 /* EditProfileWireframe.swift */; };
		A45BF48D261C9AF500CF894A /* CameraRollCollectionViewCell.swift in Sources */ = {isa = PBXBuildFile; fileRef = A45BF48C261C9AF500CF894A /* CameraRollCollectionViewCell.swift */; };
		A462629B261CA3E4000FEDD0 /* PostTableCell.swift in Sources */ = {isa = PBXBuildFile; fileRef = A462629A261CA3E4000FEDD0 /* PostTableCell.swift */; };
		A479AB7925ACA340009DF940 /* UserService.swift in Sources */ = {isa = PBXBuildFile; fileRef = A479AB7825ACA340009DF940 /* UserService.swift */; };
		A479AB8225ACA9F4009DF940 /* TabBarInterfaces.swift in Sources */ = {isa = PBXBuildFile; fileRef = A479AB7D25ACA9F4009DF940 /* TabBarInterfaces.swift */; };
		A479AB8325ACA9F4009DF940 /* TabBarPresenter.swift in Sources */ = {isa = PBXBuildFile; fileRef = A479AB7E25ACA9F4009DF940 /* TabBarPresenter.swift */; };
		A479AB8425ACA9F4009DF940 /* TabBarViewController.swift in Sources */ = {isa = PBXBuildFile; fileRef = A479AB7F25ACA9F4009DF940 /* TabBarViewController.swift */; };
		A479AB8525ACA9F4009DF940 /* TabBarInteractor.swift in Sources */ = {isa = PBXBuildFile; fileRef = A479AB8025ACA9F4009DF940 /* TabBarInteractor.swift */; };
		A479AB8625ACA9F4009DF940 /* TabBarWireframe.swift in Sources */ = {isa = PBXBuildFile; fileRef = A479AB8125ACA9F4009DF940 /* TabBarWireframe.swift */; };
		A479AC2B25ACD7EC009DF940 /* UserDefaults+isFirstLaunch..swift in Sources */ = {isa = PBXBuildFile; fileRef = A479AC2A25ACD7EC009DF940 /* UserDefaults+isFirstLaunch..swift */; };
		A479AD4525ADD1D9009DF940 /* CreateUserInterfaces.swift in Sources */ = {isa = PBXBuildFile; fileRef = A479AD4025ADD1D9009DF940 /* CreateUserInterfaces.swift */; };
		A479AD4625ADD1D9009DF940 /* CreateUserPresenter.swift in Sources */ = {isa = PBXBuildFile; fileRef = A479AD4125ADD1D9009DF940 /* CreateUserPresenter.swift */; };
		A479AD4725ADD1D9009DF940 /* CreateUserViewController.swift in Sources */ = {isa = PBXBuildFile; fileRef = A479AD4225ADD1D9009DF940 /* CreateUserViewController.swift */; };
		A479AD4825ADD1DA009DF940 /* CreateUserInteractor.swift in Sources */ = {isa = PBXBuildFile; fileRef = A479AD4325ADD1D9009DF940 /* CreateUserInteractor.swift */; };
		A479AD4925ADD1DA009DF940 /* CreateUserWireframe.swift in Sources */ = {isa = PBXBuildFile; fileRef = A479AD4425ADD1D9009DF940 /* CreateUserWireframe.swift */; };
		A479AD9125ADE719009DF940 /* UIViewController+Spinner.swift in Sources */ = {isa = PBXBuildFile; fileRef = A479AD9025ADE719009DF940 /* UIViewController+Spinner.swift */; };
		A479AE1725B0854B009DF940 /* RootNavigationController.swift in Sources */ = {isa = PBXBuildFile; fileRef = A479AE1625B0854B009DF940 /* RootNavigationController.swift */; };
		A479BC2D25F1321100A26D04 /* PostTableView.swift in Sources */ = {isa = PBXBuildFile; fileRef = A479BC2C25F1321100A26D04 /* PostTableView.swift */; };
		A479BC4925F1345600A26D04 /* UsenameButton.swift in Sources */ = {isa = PBXBuildFile; fileRef = A479BC4825F1345600A26D04 /* UsenameButton.swift */; };
		A479BC4D25F79C0400A26D04 /* TextView.swift in Sources */ = {isa = PBXBuildFile; fileRef = A479BC4C25F79C0400A26D04 /* TextView.swift */; };
		A479BCC925F7BF7400A26D04 /* ProfileService.swift in Sources */ = {isa = PBXBuildFile; fileRef = A479BCC825F7BF7400A26D04 /* ProfileService.swift */; };
		A479BD0825F7DD4E00A26D04 /* ProfilePostViewController.swift in Sources */ = {isa = PBXBuildFile; fileRef = A479BD0325F7DD4E00A26D04 /* ProfilePostViewController.swift */; };
		A479BD4025FBA4C800A26D04 /* FollowService.swift in Sources */ = {isa = PBXBuildFile; fileRef = A479BD3F25FBA4C800A26D04 /* FollowService.swift */; };
		A479BD4425FBAAFC00A26D04 /* UsersTableViewCell.swift in Sources */ = {isa = PBXBuildFile; fileRef = A479BD4325FBAAFC00A26D04 /* UsersTableViewCell.swift */; };
		A479BD6225FBB9A600A26D04 /* FollowUnfollowButton.swift in Sources */ = {isa = PBXBuildFile; fileRef = A479BD6125FBB9A600A26D04 /* FollowUnfollowButton.swift */; };
		A47E165C25D45DA100B1DB33 /* PopupMenuViewController.swift in Sources */ = {isa = PBXBuildFile; fileRef = A47E165B25D45DA100B1DB33 /* PopupMenuViewController.swift */; };
		A47E167F25D6BA5700B1DB33 /* ProfileSettingsInterfaces.swift in Sources */ = {isa = PBXBuildFile; fileRef = A47E167A25D6BA5700B1DB33 /* ProfileSettingsInterfaces.swift */; };
		A47E168025D6BA5700B1DB33 /* ProfileSettingsPresenter.swift in Sources */ = {isa = PBXBuildFile; fileRef = A47E167B25D6BA5700B1DB33 /* ProfileSettingsPresenter.swift */; };
		A47E168125D6BA5700B1DB33 /* ProfileSettingsViewController.swift in Sources */ = {isa = PBXBuildFile; fileRef = A47E167C25D6BA5700B1DB33 /* ProfileSettingsViewController.swift */; };
		A47E168225D6BA5700B1DB33 /* ProfileSettingsInteractor.swift in Sources */ = {isa = PBXBuildFile; fileRef = A47E167D25D6BA5700B1DB33 /* ProfileSettingsInteractor.swift */; };
		A47E168325D6BA5700B1DB33 /* ProfileSettingsWireframe.swift in Sources */ = {isa = PBXBuildFile; fileRef = A47E167E25D6BA5700B1DB33 /* ProfileSettingsWireframe.swift */; };
		A47F7CA725C01CF000233BF3 /* EditProfileItemInterfaces.swift in Sources */ = {isa = PBXBuildFile; fileRef = A47F7CA225C01CF000233BF3 /* EditProfileItemInterfaces.swift */; };
		A47F7CA825C01CF000233BF3 /* EditProfileItemPresenter.swift in Sources */ = {isa = PBXBuildFile; fileRef = A47F7CA325C01CF000233BF3 /* EditProfileItemPresenter.swift */; };
		A47F7CA925C01CF000233BF3 /* EditProfileItemViewController.swift in Sources */ = {isa = PBXBuildFile; fileRef = A47F7CA425C01CF000233BF3 /* EditProfileItemViewController.swift */; };
		A47F7CAA25C01CF000233BF3 /* EditProfileItemInteractor.swift in Sources */ = {isa = PBXBuildFile; fileRef = A47F7CA525C01CF000233BF3 /* EditProfileItemInteractor.swift */; };
		A47F7CAB25C01CF000233BF3 /* EditProfileItemWireframe.swift in Sources */ = {isa = PBXBuildFile; fileRef = A47F7CA625C01CF000233BF3 /* EditProfileItemWireframe.swift */; };
		A48B339325ED6C3800F0B6FE /* PostInterfaces.swift in Sources */ = {isa = PBXBuildFile; fileRef = A48B338E25ED6C3800F0B6FE /* PostInterfaces.swift */; };
		A48B339425ED6C3800F0B6FE /* PostPresenter.swift in Sources */ = {isa = PBXBuildFile; fileRef = A48B338F25ED6C3800F0B6FE /* PostPresenter.swift */; };
		A48B339525ED6C3800F0B6FE /* PostViewController.swift in Sources */ = {isa = PBXBuildFile; fileRef = A48B339025ED6C3800F0B6FE /* PostViewController.swift */; };
		A48B339625ED6C3800F0B6FE /* PostInteractor.swift in Sources */ = {isa = PBXBuildFile; fileRef = A48B339125ED6C3800F0B6FE /* PostInteractor.swift */; };
		A48B339725ED6C3800F0B6FE /* PostWireframe.swift in Sources */ = {isa = PBXBuildFile; fileRef = A48B339225ED6C3800F0B6FE /* PostWireframe.swift */; };
		A48BD15225E6A91D00E13455 /* ImagePicker.swift in Sources */ = {isa = PBXBuildFile; fileRef = A48BD15125E6A91D00E13455 /* ImagePicker.swift */; };
		A48D4CDC2613C86A00ACAB21 /* UIView+Shimmer.swift in Sources */ = {isa = PBXBuildFile; fileRef = A48D4CDB2613C86A00ACAB21 /* UIView+Shimmer.swift */; };
		A48FF9CC2639A078008C4F7B /* ImageTapGesture.swift in Sources */ = {isa = PBXBuildFile; fileRef = A48FF9CB2639A078008C4F7B /* ImageTapGesture.swift */; };
		A48FF9D02639C182008C4F7B /* PostTableDataSource.swift in Sources */ = {isa = PBXBuildFile; fileRef = A48FF9CF2639C182008C4F7B /* PostTableDataSource.swift */; };
		A495D9402600CFA100A6B7B2 /* PostCollectionViewParrallaxHeader.swift in Sources */ = {isa = PBXBuildFile; fileRef = A495D93F2600CFA100A6B7B2 /* PostCollectionViewParrallaxHeader.swift */; };
		A495D9462600D25200A6B7B2 /* PostCollectionViewHeader.swift in Sources */ = {isa = PBXBuildFile; fileRef = A495D9452600D25200A6B7B2 /* PostCollectionViewHeader.swift */; };
		A495D94C2600D28500A6B7B2 /* PostCollectionViewCell.swift in Sources */ = {isa = PBXBuildFile; fileRef = A495D94B2600D28500A6B7B2 /* PostCollectionViewCell.swift */; };
		A4BB58FC25BAB08D0032777D /* EditProfileButton.swift in Sources */ = {isa = PBXBuildFile; fileRef = A4BB58FB25BAB08D0032777D /* EditProfileButton.swift */; };
		A4BEF48925BB029700A59149 /* InteractableProfilePhoto.swift in Sources */ = {isa = PBXBuildFile; fileRef = A4BEF48825BB029700A59149 /* InteractableProfilePhoto.swift */; };
		A4BEF4A725BB0B6400A59149 /* SeperatorLineView.swift in Sources */ = {isa = PBXBuildFile; fileRef = A4BEF4A625BB0B6400A59149 /* SeperatorLineView.swift */; };
		A4BEF4DB25BB0FB600A59149 /* ProfileInformationForm.swift in Sources */ = {isa = PBXBuildFile; fileRef = A4BEF4DA25BB0FB600A59149 /* ProfileInformationForm.swift */; };
		A4C1CE7525EE6810000DC7ED /* StorageService.swift in Sources */ = {isa = PBXBuildFile; fileRef = A4C1CE7425EE6810000DC7ED /* StorageService.swift */; };
		A4C1CE9125EE6869000DC7ED /* PostService.swift in Sources */ = {isa = PBXBuildFile; fileRef = A4C1CE9025EE6868000DC7ED /* PostService.swift */; };
		A4C1CE9625EE6950000DC7ED /* PostModel.swift in Sources */ = {isa = PBXBuildFile; fileRef = A4C1CE9525EE6950000DC7ED /* PostModel.swift */; };
		A4C1CECC25EE8D09000DC7ED /* ProfilePhotoService.swift in Sources */ = {isa = PBXBuildFile; fileRef = A4C1CECB25EE8D09000DC7ED /* ProfilePhotoService.swift */; };
		A4CC46582626C64B0027A1D0 /* UIViewController+Extensions.swift in Sources */ = {isa = PBXBuildFile; fileRef = A4CC46572626C64B0027A1D0 /* UIViewController+Extensions.swift */; };
		A4CC46C226282B4D0027A1D0 /* ActivityService.swift in Sources */ = {isa = PBXBuildFile; fileRef = A4CC46C126282B4D0027A1D0 /* ActivityService.swift */; };
		A4CC46C6262834EA0027A1D0 /* LikeService.swift in Sources */ = {isa = PBXBuildFile; fileRef = A4CC46C5262834EA0027A1D0 /* LikeService.swift */; };
		A4D4B16625EE935F00115F5A /* PopupUpdateProfilePhotoViewController.swift in Sources */ = {isa = PBXBuildFile; fileRef = A4D4B16525EE935F00115F5A /* PopupUpdateProfilePhotoViewController.swift */; };
		A4F6460D2652A41D00B041E4 /* String+Extension.swift in Sources */ = {isa = PBXBuildFile; fileRef = A4F6460C2652A41D00B041E4 /* String+Extension.swift */; };
		A4F646112652A47000B041E4 /* UIDevice+Extension.swift in Sources */ = {isa = PBXBuildFile; fileRef = A4F646102652A47000B041E4 /* UIDevice+Extension.swift */; };
		A4F646192652A4DC00B041E4 /* Constants.swift in Sources */ = {isa = PBXBuildFile; fileRef = A4F646182652A4DC00B041E4 /* Constants.swift */; };
		CE6BD241A06865C1A45042BE /* Pods_PortfolioSocialTests.framework in Frameworks */ = {isa = PBXBuildFile; fileRef = FF2243DD519066110630F6DE /* Pods_PortfolioSocialTests.framework */; };
/* End PBXBuildFile section */

/* Begin PBXContainerItemProxy section */
		A425843C25A614E4005EB7BE /* PBXContainerItemProxy */ = {
			isa = PBXContainerItemProxy;
			containerPortal = A425841D25A614E0005EB7BE /* Project object */;
			proxyType = 1;
			remoteGlobalIDString = A425842425A614E0005EB7BE;
			remoteInfo = PortfolioSocial;
		};
		A425844725A614E4005EB7BE /* PBXContainerItemProxy */ = {
			isa = PBXContainerItemProxy;
			containerPortal = A425841D25A614E0005EB7BE /* Project object */;
			proxyType = 1;
			remoteGlobalIDString = A425842425A614E0005EB7BE;
			remoteInfo = PortfolioSocial;
		};
/* End PBXContainerItemProxy section */

/* Begin PBXCopyFilesBuildPhase section */
		A42588B125A75958005EB7BE /* Embed Frameworks */ = {
			isa = PBXCopyFilesBuildPhase;
			buildActionMask = 2147483647;
			dstPath = "";
			dstSubfolderSpec = 10;
			files = (
			);
			name = "Embed Frameworks";
			runOnlyForDeploymentPostprocessing = 0;
		};
/* End PBXCopyFilesBuildPhase section */

/* Begin PBXFileReference section */
		29CD833397875D6AEEDCE058 /* Pods-PortfolioSocial.debug.xcconfig */ = {isa = PBXFileReference; includeInIndex = 1; lastKnownFileType = text.xcconfig; name = "Pods-PortfolioSocial.debug.xcconfig"; path = "Target Support Files/Pods-PortfolioSocial/Pods-PortfolioSocial.debug.xcconfig"; sourceTree = "<group>"; };
		41C0EFD000F43ED4931ED589 /* Pods-PortfolioSocialTests.release.xcconfig */ = {isa = PBXFileReference; includeInIndex = 1; lastKnownFileType = text.xcconfig; name = "Pods-PortfolioSocialTests.release.xcconfig"; path = "Target Support Files/Pods-PortfolioSocialTests/Pods-PortfolioSocialTests.release.xcconfig"; sourceTree = "<group>"; };
		50AB426056B6776B1E727101 /* Pods-PortfolioSocial-PortfolioSocialUITests.release.xcconfig */ = {isa = PBXFileReference; includeInIndex = 1; lastKnownFileType = text.xcconfig; name = "Pods-PortfolioSocial-PortfolioSocialUITests.release.xcconfig"; path = "Target Support Files/Pods-PortfolioSocial-PortfolioSocialUITests/Pods-PortfolioSocial-PortfolioSocialUITests.release.xcconfig"; sourceTree = "<group>"; };
		917AA459F27AE325B1F5DBB7 /* Pods-PortfolioSocialTests.debug.xcconfig */ = {isa = PBXFileReference; includeInIndex = 1; lastKnownFileType = text.xcconfig; name = "Pods-PortfolioSocialTests.debug.xcconfig"; path = "Target Support Files/Pods-PortfolioSocialTests/Pods-PortfolioSocialTests.debug.xcconfig"; sourceTree = "<group>"; };
		A41013C0262D9773005B0D9D /* ActivityCell.swift */ = {isa = PBXFileReference; lastKnownFileType = sourcecode.swift; path = ActivityCell.swift; sourceTree = "<group>"; };
		A41157162613CEB300A78DD9 /* CropScrollView.swift */ = {isa = PBXFileReference; lastKnownFileType = sourcecode.swift; path = CropScrollView.swift; sourceTree = "<group>"; };
		A425842525A614E0005EB7BE /* PortfolioSocial.app */ = {isa = PBXFileReference; explicitFileType = wrapper.application; includeInIndex = 0; path = PortfolioSocial.app; sourceTree = BUILT_PRODUCTS_DIR; };
		A425842825A614E0005EB7BE /* AppDelegate.swift */ = {isa = PBXFileReference; lastKnownFileType = sourcecode.swift; path = AppDelegate.swift; sourceTree = "<group>"; };
		A425842F25A614E0005EB7BE /* Base */ = {isa = PBXFileReference; lastKnownFileType = file.storyboard; name = Base; path = Base.lproj/Main.storyboard; sourceTree = "<group>"; };
		A425843125A614E3005EB7BE /* Assets.xcassets */ = {isa = PBXFileReference; lastKnownFileType = folder.assetcatalog; path = Assets.xcassets; sourceTree = "<group>"; };
		A425843425A614E3005EB7BE /* Base */ = {isa = PBXFileReference; lastKnownFileType = file.storyboard; name = Base; path = Base.lproj/LaunchScreen.storyboard; sourceTree = "<group>"; };
		A425843625A614E3005EB7BE /* Info.plist */ = {isa = PBXFileReference; lastKnownFileType = text.plist.xml; path = Info.plist; sourceTree = "<group>"; };
		A425843B25A614E4005EB7BE /* PortfolioSocialTests.xctest */ = {isa = PBXFileReference; explicitFileType = wrapper.cfbundle; includeInIndex = 0; path = PortfolioSocialTests.xctest; sourceTree = BUILT_PRODUCTS_DIR; };
		A425843F25A614E4005EB7BE /* PortfolioSocialTests.swift */ = {isa = PBXFileReference; lastKnownFileType = sourcecode.swift; path = PortfolioSocialTests.swift; sourceTree = "<group>"; };
		A425844125A614E4005EB7BE /* Info.plist */ = {isa = PBXFileReference; lastKnownFileType = text.plist.xml; path = Info.plist; sourceTree = "<group>"; };
		A425844625A614E4005EB7BE /* PortfolioSocialUITests.xctest */ = {isa = PBXFileReference; explicitFileType = wrapper.cfbundle; includeInIndex = 0; path = PortfolioSocialUITests.xctest; sourceTree = BUILT_PRODUCTS_DIR; };
		A425844A25A614E4005EB7BE /* PortfolioSocialUITests.swift */ = {isa = PBXFileReference; lastKnownFileType = sourcecode.swift; path = PortfolioSocialUITests.swift; sourceTree = "<group>"; };
		A425844C25A614E4005EB7BE /* Info.plist */ = {isa = PBXFileReference; lastKnownFileType = text.plist.xml; path = Info.plist; sourceTree = "<group>"; };
		A425846E25A637DD005EB7BE /* TabBarController.swift */ = {isa = PBXFileReference; lastKnownFileType = sourcecode.swift; path = TabBarController.swift; sourceTree = "<group>"; };
		A42584DE25A72DC7005EB7BE /* SearchViewInterfaces.swift */ = {isa = PBXFileReference; lastKnownFileType = sourcecode.swift; path = SearchViewInterfaces.swift; sourceTree = "<group>"; };
		A42584DF25A72DC7005EB7BE /* SearchViewPresenter.swift */ = {isa = PBXFileReference; lastKnownFileType = sourcecode.swift; path = SearchViewPresenter.swift; sourceTree = "<group>"; };
		A42584E025A72DC7005EB7BE /* SearchViewViewController.swift */ = {isa = PBXFileReference; lastKnownFileType = sourcecode.swift; path = SearchViewViewController.swift; sourceTree = "<group>"; };
		A42584E125A72DC7005EB7BE /* SearchViewInteractor.swift */ = {isa = PBXFileReference; lastKnownFileType = sourcecode.swift; path = SearchViewInteractor.swift; sourceTree = "<group>"; };
		A42584E225A72DC7005EB7BE /* SearchViewWireframe.swift */ = {isa = PBXFileReference; lastKnownFileType = sourcecode.swift; path = SearchViewWireframe.swift; sourceTree = "<group>"; };
		A42584EE25A72DE0005EB7BE /* ViperBaseClasses.swift */ = {isa = PBXFileReference; lastKnownFileType = sourcecode.swift; path = ViperBaseClasses.swift; sourceTree = "<group>"; };
		A425850B25A73088005EB7BE /* ProfileScreenInterfaces.swift */ = {isa = PBXFileReference; lastKnownFileType = sourcecode.swift; path = ProfileScreenInterfaces.swift; sourceTree = "<group>"; };
		A425850C25A73088005EB7BE /* ProfileScreenPresenter.swift */ = {isa = PBXFileReference; lastKnownFileType = sourcecode.swift; path = ProfileScreenPresenter.swift; sourceTree = "<group>"; };
		A425850D25A73088005EB7BE /* ProfileScreenViewController.swift */ = {isa = PBXFileReference; lastKnownFileType = sourcecode.swift; path = ProfileScreenViewController.swift; sourceTree = "<group>"; };
		A425850E25A73088005EB7BE /* ProfileScreenInteractor.swift */ = {isa = PBXFileReference; lastKnownFileType = sourcecode.swift; path = ProfileScreenInteractor.swift; sourceTree = "<group>"; };
		A425850F25A73088005EB7BE /* ProfileScreenWireframe.swift */ = {isa = PBXFileReference; lastKnownFileType = sourcecode.swift; path = ProfileScreenWireframe.swift; sourceTree = "<group>"; };
		A425851C25A73564005EB7BE /* LoginInterfaces.swift */ = {isa = PBXFileReference; lastKnownFileType = sourcecode.swift; path = LoginInterfaces.swift; sourceTree = "<group>"; };
		A425851D25A73564005EB7BE /* LoginPresenter.swift */ = {isa = PBXFileReference; lastKnownFileType = sourcecode.swift; path = LoginPresenter.swift; sourceTree = "<group>"; };
		A425851E25A73564005EB7BE /* LoginViewController.swift */ = {isa = PBXFileReference; lastKnownFileType = sourcecode.swift; path = LoginViewController.swift; sourceTree = "<group>"; };
		A425851F25A73564005EB7BE /* LoginInteractor.swift */ = {isa = PBXFileReference; lastKnownFileType = sourcecode.swift; path = LoginInteractor.swift; sourceTree = "<group>"; };
		A425852025A73564005EB7BE /* LoginWireframe.swift */ = {isa = PBXFileReference; lastKnownFileType = sourcecode.swift; path = LoginWireframe.swift; sourceTree = "<group>"; };
		A425854A25A739C7005EB7BE /* ActivityInterfaces.swift */ = {isa = PBXFileReference; lastKnownFileType = sourcecode.swift; path = ActivityInterfaces.swift; sourceTree = "<group>"; };
		A425854B25A739C7005EB7BE /* ActivityPresenter.swift */ = {isa = PBXFileReference; lastKnownFileType = sourcecode.swift; path = ActivityPresenter.swift; sourceTree = "<group>"; };
		A425854C25A739C7005EB7BE /* ActivityViewController.swift */ = {isa = PBXFileReference; lastKnownFileType = sourcecode.swift; path = ActivityViewController.swift; sourceTree = "<group>"; };
		A425854D25A739C7005EB7BE /* ActivityInteractor.swift */ = {isa = PBXFileReference; lastKnownFileType = sourcecode.swift; path = ActivityInteractor.swift; sourceTree = "<group>"; };
		A425854E25A739C7005EB7BE /* ActivityWireframe.swift */ = {isa = PBXFileReference; lastKnownFileType = sourcecode.swift; path = ActivityWireframe.swift; sourceTree = "<group>"; };
		A425855D25A739D8005EB7BE /* AddPostInterfaces.swift */ = {isa = PBXFileReference; lastKnownFileType = sourcecode.swift; path = AddPostInterfaces.swift; sourceTree = "<group>"; };
		A425855E25A739D8005EB7BE /* AddPostPresenter.swift */ = {isa = PBXFileReference; lastKnownFileType = sourcecode.swift; path = AddPostPresenter.swift; sourceTree = "<group>"; };
		A425855F25A739D8005EB7BE /* AddPostViewController.swift */ = {isa = PBXFileReference; lastKnownFileType = sourcecode.swift; path = AddPostViewController.swift; sourceTree = "<group>"; };
		A425856025A739D8005EB7BE /* AddPostInteractor.swift */ = {isa = PBXFileReference; lastKnownFileType = sourcecode.swift; path = AddPostInteractor.swift; sourceTree = "<group>"; };
		A425856125A739D8005EB7BE /* AddPostWireframe.swift */ = {isa = PBXFileReference; lastKnownFileType = sourcecode.swift; path = AddPostWireframe.swift; sourceTree = "<group>"; };
		A425856D25A739EA005EB7BE /* HomeFeedInterfaces.swift */ = {isa = PBXFileReference; lastKnownFileType = sourcecode.swift; path = HomeFeedInterfaces.swift; sourceTree = "<group>"; };
		A425856E25A739EA005EB7BE /* HomeFeedPresenter.swift */ = {isa = PBXFileReference; lastKnownFileType = sourcecode.swift; path = HomeFeedPresenter.swift; sourceTree = "<group>"; };
		A425856F25A739EA005EB7BE /* HomeFeedViewController.swift */ = {isa = PBXFileReference; lastKnownFileType = sourcecode.swift; path = HomeFeedViewController.swift; sourceTree = "<group>"; };
		A425857025A739EA005EB7BE /* HomeFeedInteractor.swift */ = {isa = PBXFileReference; lastKnownFileType = sourcecode.swift; path = HomeFeedInteractor.swift; sourceTree = "<group>"; };
		A425857125A739EA005EB7BE /* HomeFeedWireframe.swift */ = {isa = PBXFileReference; lastKnownFileType = sourcecode.swift; path = HomeFeedWireframe.swift; sourceTree = "<group>"; };
		A42585B425A7454A005EB7BE /* UIColor+Extension.swift */ = {isa = PBXFileReference; lastKnownFileType = sourcecode.swift; path = "UIColor+Extension.swift"; sourceTree = "<group>"; };
		A42585CF25A749B9005EB7BE /* UserModel.swift */ = {isa = PBXFileReference; lastKnownFileType = sourcecode.swift; path = UserModel.swift; sourceTree = "<group>"; };
		A425897925A77005005EB7BE /* GoogleService-Info.plist */ = {isa = PBXFileReference; fileEncoding = 4; lastKnownFileType = text.plist.xml; path = "GoogleService-Info.plist"; sourceTree = "<group>"; };
		A42589D525AB8313005EB7BE /* UIKit.framework */ = {isa = PBXFileReference; lastKnownFileType = wrapper.framework; name = UIKit.framework; path = System/Library/Frameworks/UIKit.framework; sourceTree = SDKROOT; };
		A42589D725AB8320005EB7BE /* CoreServices.framework */ = {isa = PBXFileReference; lastKnownFileType = wrapper.framework; name = CoreServices.framework; path = System/Library/Frameworks/CoreServices.framework; sourceTree = SDKROOT; };
		A435D49225B971370097BD5A /* UIImage+Extension.swift */ = {isa = PBXFileReference; lastKnownFileType = sourcecode.swift; path = "UIImage+Extension.swift"; sourceTree = "<group>"; };
		A435D49625B97C800097BD5A /* UserStatisticsContainer.swift */ = {isa = PBXFileReference; lastKnownFileType = sourcecode.swift; path = UserStatisticsContainer.swift; sourceTree = "<group>"; };
		A435D49C25B9B16B0097BD5A /* UserInformationStack.swift */ = {isa = PBXFileReference; lastKnownFileType = sourcecode.swift; path = UserInformationStack.swift; sourceTree = "<group>"; };
		A44F1A1B25D41FA900483327 /* UpdateProfilePhoto.swift */ = {isa = PBXFileReference; lastKnownFileType = sourcecode.swift; path = UpdateProfilePhoto.swift; sourceTree = "<group>"; };
		A459C00725BAFF4B00859C94 /* EditProfileInterfaces.swift */ = {isa = PBXFileReference; lastKnownFileType = sourcecode.swift; path = EditProfileInterfaces.swift; sourceTree = "<group>"; };
		A459C00825BAFF4B00859C94 /* EditProfilePresenter.swift */ = {isa = PBXFileReference; lastKnownFileType = sourcecode.swift; path = EditProfilePresenter.swift; sourceTree = "<group>"; };
		A459C00925BAFF4B00859C94 /* EditProfileViewController.swift */ = {isa = PBXFileReference; lastKnownFileType = sourcecode.swift; path = EditProfileViewController.swift; sourceTree = "<group>"; };
		A459C00A25BAFF4B00859C94 /* EditProfileInteractor.swift */ = {isa = PBXFileReference; lastKnownFileType = sourcecode.swift; path = EditProfileInteractor.swift; sourceTree = "<group>"; };
		A459C00B25BAFF4B00859C94 /* EditProfileWireframe.swift */ = {isa = PBXFileReference; lastKnownFileType = sourcecode.swift; path = EditProfileWireframe.swift; sourceTree = "<group>"; };
		A45BF48C261C9AF500CF894A /* CameraRollCollectionViewCell.swift */ = {isa = PBXFileReference; lastKnownFileType = sourcecode.swift; path = CameraRollCollectionViewCell.swift; sourceTree = "<group>"; };
		A462629A261CA3E4000FEDD0 /* PostTableCell.swift */ = {isa = PBXFileReference; lastKnownFileType = sourcecode.swift; path = PostTableCell.swift; sourceTree = "<group>"; };
		A479AB7825ACA340009DF940 /* UserService.swift */ = {isa = PBXFileReference; lastKnownFileType = sourcecode.swift; path = UserService.swift; sourceTree = "<group>"; };
		A479AB7D25ACA9F4009DF940 /* TabBarInterfaces.swift */ = {isa = PBXFileReference; lastKnownFileType = sourcecode.swift; path = TabBarInterfaces.swift; sourceTree = "<group>"; };
		A479AB7E25ACA9F4009DF940 /* TabBarPresenter.swift */ = {isa = PBXFileReference; lastKnownFileType = sourcecode.swift; path = TabBarPresenter.swift; sourceTree = "<group>"; };
		A479AB7F25ACA9F4009DF940 /* TabBarViewController.swift */ = {isa = PBXFileReference; lastKnownFileType = sourcecode.swift; path = TabBarViewController.swift; sourceTree = "<group>"; };
		A479AB8025ACA9F4009DF940 /* TabBarInteractor.swift */ = {isa = PBXFileReference; lastKnownFileType = sourcecode.swift; path = TabBarInteractor.swift; sourceTree = "<group>"; };
		A479AB8125ACA9F4009DF940 /* TabBarWireframe.swift */ = {isa = PBXFileReference; lastKnownFileType = sourcecode.swift; path = TabBarWireframe.swift; sourceTree = "<group>"; };
		A479AC2A25ACD7EC009DF940 /* UserDefaults+isFirstLaunch..swift */ = {isa = PBXFileReference; lastKnownFileType = sourcecode.swift; path = "UserDefaults+isFirstLaunch..swift"; sourceTree = "<group>"; };
		A479AD4025ADD1D9009DF940 /* CreateUserInterfaces.swift */ = {isa = PBXFileReference; lastKnownFileType = sourcecode.swift; path = CreateUserInterfaces.swift; sourceTree = "<group>"; };
		A479AD4125ADD1D9009DF940 /* CreateUserPresenter.swift */ = {isa = PBXFileReference; lastKnownFileType = sourcecode.swift; path = CreateUserPresenter.swift; sourceTree = "<group>"; };
		A479AD4225ADD1D9009DF940 /* CreateUserViewController.swift */ = {isa = PBXFileReference; lastKnownFileType = sourcecode.swift; path = CreateUserViewController.swift; sourceTree = "<group>"; };
		A479AD4325ADD1D9009DF940 /* CreateUserInteractor.swift */ = {isa = PBXFileReference; lastKnownFileType = sourcecode.swift; path = CreateUserInteractor.swift; sourceTree = "<group>"; };
		A479AD4425ADD1D9009DF940 /* CreateUserWireframe.swift */ = {isa = PBXFileReference; lastKnownFileType = sourcecode.swift; path = CreateUserWireframe.swift; sourceTree = "<group>"; };
		A479AD9025ADE719009DF940 /* UIViewController+Spinner.swift */ = {isa = PBXFileReference; lastKnownFileType = sourcecode.swift; path = "UIViewController+Spinner.swift"; sourceTree = "<group>"; };
		A479AE1625B0854B009DF940 /* RootNavigationController.swift */ = {isa = PBXFileReference; lastKnownFileType = sourcecode.swift; path = RootNavigationController.swift; sourceTree = "<group>"; };
		A479BC2C25F1321100A26D04 /* PostTableView.swift */ = {isa = PBXFileReference; lastKnownFileType = sourcecode.swift; path = PostTableView.swift; sourceTree = "<group>"; };
		A479BC4825F1345600A26D04 /* UsenameButton.swift */ = {isa = PBXFileReference; lastKnownFileType = sourcecode.swift; path = UsenameButton.swift; sourceTree = "<group>"; };
		A479BC4C25F79C0400A26D04 /* TextView.swift */ = {isa = PBXFileReference; lastKnownFileType = sourcecode.swift; path = TextView.swift; sourceTree = "<group>"; };
		A479BCC825F7BF7400A26D04 /* ProfileService.swift */ = {isa = PBXFileReference; lastKnownFileType = sourcecode.swift; path = ProfileService.swift; sourceTree = "<group>"; };
		A479BD0325F7DD4E00A26D04 /* ProfilePostViewController.swift */ = {isa = PBXFileReference; lastKnownFileType = sourcecode.swift; path = ProfilePostViewController.swift; sourceTree = "<group>"; };
		A479BD3F25FBA4C800A26D04 /* FollowService.swift */ = {isa = PBXFileReference; lastKnownFileType = sourcecode.swift; path = FollowService.swift; sourceTree = "<group>"; };
		A479BD4325FBAAFC00A26D04 /* UsersTableViewCell.swift */ = {isa = PBXFileReference; lastKnownFileType = sourcecode.swift; path = UsersTableViewCell.swift; sourceTree = "<group>"; };
		A479BD6125FBB9A600A26D04 /* FollowUnfollowButton.swift */ = {isa = PBXFileReference; lastKnownFileType = sourcecode.swift; path = FollowUnfollowButton.swift; sourceTree = "<group>"; };
		A47E165B25D45DA100B1DB33 /* PopupMenuViewController.swift */ = {isa = PBXFileReference; lastKnownFileType = sourcecode.swift; path = PopupMenuViewController.swift; sourceTree = "<group>"; };
		A47E167A25D6BA5700B1DB33 /* ProfileSettingsInterfaces.swift */ = {isa = PBXFileReference; lastKnownFileType = sourcecode.swift; path = ProfileSettingsInterfaces.swift; sourceTree = "<group>"; };
		A47E167B25D6BA5700B1DB33 /* ProfileSettingsPresenter.swift */ = {isa = PBXFileReference; lastKnownFileType = sourcecode.swift; path = ProfileSettingsPresenter.swift; sourceTree = "<group>"; };
		A47E167C25D6BA5700B1DB33 /* ProfileSettingsViewController.swift */ = {isa = PBXFileReference; lastKnownFileType = sourcecode.swift; path = ProfileSettingsViewController.swift; sourceTree = "<group>"; };
		A47E167D25D6BA5700B1DB33 /* ProfileSettingsInteractor.swift */ = {isa = PBXFileReference; lastKnownFileType = sourcecode.swift; path = ProfileSettingsInteractor.swift; sourceTree = "<group>"; };
		A47E167E25D6BA5700B1DB33 /* ProfileSettingsWireframe.swift */ = {isa = PBXFileReference; lastKnownFileType = sourcecode.swift; path = ProfileSettingsWireframe.swift; sourceTree = "<group>"; };
		A47F7CA225C01CF000233BF3 /* EditProfileItemInterfaces.swift */ = {isa = PBXFileReference; lastKnownFileType = sourcecode.swift; path = EditProfileItemInterfaces.swift; sourceTree = "<group>"; };
		A47F7CA325C01CF000233BF3 /* EditProfileItemPresenter.swift */ = {isa = PBXFileReference; lastKnownFileType = sourcecode.swift; path = EditProfileItemPresenter.swift; sourceTree = "<group>"; };
		A47F7CA425C01CF000233BF3 /* EditProfileItemViewController.swift */ = {isa = PBXFileReference; lastKnownFileType = sourcecode.swift; path = EditProfileItemViewController.swift; sourceTree = "<group>"; };
		A47F7CA525C01CF000233BF3 /* EditProfileItemInteractor.swift */ = {isa = PBXFileReference; lastKnownFileType = sourcecode.swift; path = EditProfileItemInteractor.swift; sourceTree = "<group>"; };
		A47F7CA625C01CF000233BF3 /* EditProfileItemWireframe.swift */ = {isa = PBXFileReference; lastKnownFileType = sourcecode.swift; path = EditProfileItemWireframe.swift; sourceTree = "<group>"; };
		A48B338E25ED6C3800F0B6FE /* PostInterfaces.swift */ = {isa = PBXFileReference; lastKnownFileType = sourcecode.swift; path = PostInterfaces.swift; sourceTree = "<group>"; };
		A48B338F25ED6C3800F0B6FE /* PostPresenter.swift */ = {isa = PBXFileReference; lastKnownFileType = sourcecode.swift; path = PostPresenter.swift; sourceTree = "<group>"; };
		A48B339025ED6C3800F0B6FE /* PostViewController.swift */ = {isa = PBXFileReference; lastKnownFileType = sourcecode.swift; path = PostViewController.swift; sourceTree = "<group>"; };
		A48B339125ED6C3800F0B6FE /* PostInteractor.swift */ = {isa = PBXFileReference; lastKnownFileType = sourcecode.swift; path = PostInteractor.swift; sourceTree = "<group>"; };
		A48B339225ED6C3800F0B6FE /* PostWireframe.swift */ = {isa = PBXFileReference; lastKnownFileType = sourcecode.swift; path = PostWireframe.swift; sourceTree = "<group>"; };
		A48BD15125E6A91D00E13455 /* ImagePicker.swift */ = {isa = PBXFileReference; lastKnownFileType = sourcecode.swift; path = ImagePicker.swift; sourceTree = "<group>"; };
		A48D4CDB2613C86A00ACAB21 /* UIView+Shimmer.swift */ = {isa = PBXFileReference; lastKnownFileType = sourcecode.swift; path = "UIView+Shimmer.swift"; sourceTree = "<group>"; };
		A48FF9CB2639A078008C4F7B /* ImageTapGesture.swift */ = {isa = PBXFileReference; lastKnownFileType = sourcecode.swift; path = ImageTapGesture.swift; sourceTree = "<group>"; };
		A48FF9CF2639C182008C4F7B /* PostTableDataSource.swift */ = {isa = PBXFileReference; lastKnownFileType = sourcecode.swift; path = PostTableDataSource.swift; sourceTree = "<group>"; };
		A495D93F2600CFA100A6B7B2 /* PostCollectionViewParrallaxHeader.swift */ = {isa = PBXFileReference; lastKnownFileType = sourcecode.swift; path = PostCollectionViewParrallaxHeader.swift; sourceTree = "<group>"; };
		A495D9452600D25200A6B7B2 /* PostCollectionViewHeader.swift */ = {isa = PBXFileReference; lastKnownFileType = sourcecode.swift; path = PostCollectionViewHeader.swift; sourceTree = "<group>"; };
		A495D94B2600D28500A6B7B2 /* PostCollectionViewCell.swift */ = {isa = PBXFileReference; lastKnownFileType = sourcecode.swift; path = PostCollectionViewCell.swift; sourceTree = "<group>"; };
		A4BB58FB25BAB08D0032777D /* EditProfileButton.swift */ = {isa = PBXFileReference; lastKnownFileType = sourcecode.swift; path = EditProfileButton.swift; sourceTree = "<group>"; };
		A4BEF48825BB029700A59149 /* InteractableProfilePhoto.swift */ = {isa = PBXFileReference; lastKnownFileType = sourcecode.swift; path = InteractableProfilePhoto.swift; sourceTree = "<group>"; };
		A4BEF4A625BB0B6400A59149 /* SeperatorLineView.swift */ = {isa = PBXFileReference; lastKnownFileType = sourcecode.swift; path = SeperatorLineView.swift; sourceTree = "<group>"; };
		A4BEF4DA25BB0FB600A59149 /* ProfileInformationForm.swift */ = {isa = PBXFileReference; lastKnownFileType = sourcecode.swift; path = ProfileInformationForm.swift; sourceTree = "<group>"; };
		A4C1CE7425EE6810000DC7ED /* StorageService.swift */ = {isa = PBXFileReference; lastKnownFileType = sourcecode.swift; path = StorageService.swift; sourceTree = "<group>"; };
		A4C1CE9025EE6868000DC7ED /* PostService.swift */ = {isa = PBXFileReference; lastKnownFileType = sourcecode.swift; path = PostService.swift; sourceTree = "<group>"; };
		A4C1CE9525EE6950000DC7ED /* PostModel.swift */ = {isa = PBXFileReference; lastKnownFileType = sourcecode.swift; path = PostModel.swift; sourceTree = "<group>"; };
		A4C1CECB25EE8D09000DC7ED /* ProfilePhotoService.swift */ = {isa = PBXFileReference; lastKnownFileType = sourcecode.swift; path = ProfilePhotoService.swift; sourceTree = "<group>"; };
		A4CC46572626C64B0027A1D0 /* UIViewController+Extensions.swift */ = {isa = PBXFileReference; lastKnownFileType = sourcecode.swift; path = "UIViewController+Extensions.swift"; sourceTree = "<group>"; };
		A4CC46C126282B4D0027A1D0 /* ActivityService.swift */ = {isa = PBXFileReference; lastKnownFileType = sourcecode.swift; path = ActivityService.swift; sourceTree = "<group>"; };
		A4CC46C5262834EA0027A1D0 /* LikeService.swift */ = {isa = PBXFileReference; lastKnownFileType = sourcecode.swift; path = LikeService.swift; sourceTree = "<group>"; };
		A4D4B16525EE935F00115F5A /* PopupUpdateProfilePhotoViewController.swift */ = {isa = PBXFileReference; lastKnownFileType = sourcecode.swift; path = PopupUpdateProfilePhotoViewController.swift; sourceTree = "<group>"; };
		A4F6460C2652A41D00B041E4 /* String+Extension.swift */ = {isa = PBXFileReference; lastKnownFileType = sourcecode.swift; path = "String+Extension.swift"; sourceTree = "<group>"; };
		A4F646102652A47000B041E4 /* UIDevice+Extension.swift */ = {isa = PBXFileReference; lastKnownFileType = sourcecode.swift; path = "UIDevice+Extension.swift"; sourceTree = "<group>"; };
		A4F646182652A4DC00B041E4 /* Constants.swift */ = {isa = PBXFileReference; lastKnownFileType = sourcecode.swift; path = Constants.swift; sourceTree = "<group>"; };
		B4881378AAF51D2125022FD1 /* Pods-PortfolioSocial.release.xcconfig */ = {isa = PBXFileReference; includeInIndex = 1; lastKnownFileType = text.xcconfig; name = "Pods-PortfolioSocial.release.xcconfig"; path = "Target Support Files/Pods-PortfolioSocial/Pods-PortfolioSocial.release.xcconfig"; sourceTree = "<group>"; };
		E0E6C3685B3E0EC3BBFA5352 /* Pods-PortfolioSocial-PortfolioSocialUITests.debug.xcconfig */ = {isa = PBXFileReference; includeInIndex = 1; lastKnownFileType = text.xcconfig; name = "Pods-PortfolioSocial-PortfolioSocialUITests.debug.xcconfig"; path = "Target Support Files/Pods-PortfolioSocial-PortfolioSocialUITests/Pods-PortfolioSocial-PortfolioSocialUITests.debug.xcconfig"; sourceTree = "<group>"; };
		E30D1A55956138AD56006D78 /* Pods_PortfolioSocial.framework */ = {isa = PBXFileReference; explicitFileType = wrapper.framework; includeInIndex = 0; path = Pods_PortfolioSocial.framework; sourceTree = BUILT_PRODUCTS_DIR; };
		EBE4AE32691C44559FF5FF93 /* Pods_PortfolioSocial_PortfolioSocialUITests.framework */ = {isa = PBXFileReference; explicitFileType = wrapper.framework; includeInIndex = 0; path = Pods_PortfolioSocial_PortfolioSocialUITests.framework; sourceTree = BUILT_PRODUCTS_DIR; };
		FF2243DD519066110630F6DE /* Pods_PortfolioSocialTests.framework */ = {isa = PBXFileReference; explicitFileType = wrapper.framework; includeInIndex = 0; path = Pods_PortfolioSocialTests.framework; sourceTree = BUILT_PRODUCTS_DIR; };
/* End PBXFileReference section */

/* Begin PBXFrameworksBuildPhase section */
		A425842225A614E0005EB7BE /* Frameworks */ = {
			isa = PBXFrameworksBuildPhase;
			buildActionMask = 2147483647;
			files = (
				A42589D825AB8320005EB7BE /* CoreServices.framework in Frameworks */,
				A42589D625AB8313005EB7BE /* UIKit.framework in Frameworks */,
				0979B2FA07AC68EFDF4A4F21 /* Pods_PortfolioSocial.framework in Frameworks */,
			);
			runOnlyForDeploymentPostprocessing = 0;
		};
		A425843825A614E4005EB7BE /* Frameworks */ = {
			isa = PBXFrameworksBuildPhase;
			buildActionMask = 2147483647;
			files = (
				CE6BD241A06865C1A45042BE /* Pods_PortfolioSocialTests.framework in Frameworks */,
			);
			runOnlyForDeploymentPostprocessing = 0;
		};
		A425844325A614E4005EB7BE /* Frameworks */ = {
			isa = PBXFrameworksBuildPhase;
			buildActionMask = 2147483647;
			files = (
				424EA59D1B203871678457CE /* Pods_PortfolioSocial_PortfolioSocialUITests.framework in Frameworks */,
			);
			runOnlyForDeploymentPostprocessing = 0;
		};
/* End PBXFrameworksBuildPhase section */

/* Begin PBXGroup section */
		A31555E72D7AF4DB70424042 /* Pods */ = {
			isa = PBXGroup;
			children = (
				29CD833397875D6AEEDCE058 /* Pods-PortfolioSocial.debug.xcconfig */,
				B4881378AAF51D2125022FD1 /* Pods-PortfolioSocial.release.xcconfig */,
				E0E6C3685B3E0EC3BBFA5352 /* Pods-PortfolioSocial-PortfolioSocialUITests.debug.xcconfig */,
				50AB426056B6776B1E727101 /* Pods-PortfolioSocial-PortfolioSocialUITests.release.xcconfig */,
				917AA459F27AE325B1F5DBB7 /* Pods-PortfolioSocialTests.debug.xcconfig */,
				41C0EFD000F43ED4931ED589 /* Pods-PortfolioSocialTests.release.xcconfig */,
			);
			path = Pods;
			sourceTree = "<group>";
		};
		A425841C25A614E0005EB7BE = {
			isa = PBXGroup;
			children = (
				A425842725A614E0005EB7BE /* PortfolioSocial */,
				A425843E25A614E4005EB7BE /* PortfolioSocialTests */,
				A425844925A614E4005EB7BE /* PortfolioSocialUITests */,
				A425842625A614E0005EB7BE /* Products */,
				E27C966BFCF60BA0C20FFFE1 /* Frameworks */,
				A31555E72D7AF4DB70424042 /* Pods */,
			);
			sourceTree = "<group>";
		};
		A425842625A614E0005EB7BE /* Products */ = {
			isa = PBXGroup;
			children = (
				A425842525A614E0005EB7BE /* PortfolioSocial.app */,
				A425843B25A614E4005EB7BE /* PortfolioSocialTests.xctest */,
				A425844625A614E4005EB7BE /* PortfolioSocialUITests.xctest */,
			);
			name = Products;
			sourceTree = "<group>";
		};
		A425842725A614E0005EB7BE /* PortfolioSocial */ = {
			isa = PBXGroup;
			children = (
				A479AB7725ACA2ED009DF940 /* Services */,
				A425848F25A63E5F005EB7BE /* Common */,
				A425854025A73989005EB7BE /* Modules */,
				A425846725A636E3005EB7BE /* TabBarItems */,
				A425842825A614E0005EB7BE /* AppDelegate.swift */,
				A425842E25A614E0005EB7BE /* Main.storyboard */,
				A425843125A614E3005EB7BE /* Assets.xcassets */,
				A425843325A614E3005EB7BE /* LaunchScreen.storyboard */,
				A425843625A614E3005EB7BE /* Info.plist */,
				A425897925A77005005EB7BE /* GoogleService-Info.plist */,
				A425846E25A637DD005EB7BE /* TabBarController.swift */,
			);
			path = PortfolioSocial;
			sourceTree = "<group>";
		};
		A425843E25A614E4005EB7BE /* PortfolioSocialTests */ = {
			isa = PBXGroup;
			children = (
				A425843F25A614E4005EB7BE /* PortfolioSocialTests.swift */,
				A425844125A614E4005EB7BE /* Info.plist */,
			);
			path = PortfolioSocialTests;
			sourceTree = "<group>";
		};
		A425844925A614E4005EB7BE /* PortfolioSocialUITests */ = {
			isa = PBXGroup;
			children = (
				A425844A25A614E4005EB7BE /* PortfolioSocialUITests.swift */,
				A425844C25A614E4005EB7BE /* Info.plist */,
			);
			path = PortfolioSocialUITests;
			sourceTree = "<group>";
		};
		A425846125A636A2005EB7BE /* HomeFeedModule */ = {
			isa = PBXGroup;
			children = (
				A425856D25A739EA005EB7BE /* HomeFeedInterfaces.swift */,
				A425856E25A739EA005EB7BE /* HomeFeedPresenter.swift */,
				A425856F25A739EA005EB7BE /* HomeFeedViewController.swift */,
				A425857025A739EA005EB7BE /* HomeFeedInteractor.swift */,
				A425857125A739EA005EB7BE /* HomeFeedWireframe.swift */,
			);
			path = HomeFeedModule;
			sourceTree = "<group>";
		};
		A425846325A636BD005EB7BE /* AddPostModule */ = {
			isa = PBXGroup;
			children = (
				A48B339A25ED6E8000F0B6FE /* AddPost */,
				A48B338B25ED6BD600F0B6FE /* Post */,
			);
			path = AddPostModule;
			sourceTree = "<group>";
		};
		A425846425A636CA005EB7BE /* ActivityModule */ = {
			isa = PBXGroup;
			children = (
				A425854A25A739C7005EB7BE /* ActivityInterfaces.swift */,
				A425854B25A739C7005EB7BE /* ActivityPresenter.swift */,
				A425854C25A739C7005EB7BE /* ActivityViewController.swift */,
				A425854D25A739C7005EB7BE /* ActivityInteractor.swift */,
				A425854E25A739C7005EB7BE /* ActivityWireframe.swift */,
				A41013C0262D9773005B0D9D /* ActivityCell.swift */,
			);
			path = ActivityModule;
			sourceTree = "<group>";
		};
		A425846525A636D5005EB7BE /* ProfileModule */ = {
			isa = PBXGroup;
			children = (
				A4D4B16425EE930B00115F5A /* ProfilePhoto */,
				A47E167925D6B9DB00B1DB33 /* Menu */,
				A47E165A25D45D3300B1DB33 /* Settings */,
				A47F7CA125C01C9700233BF3 /* EditProfileItem */,
				A459C00625BAFEC500859C94 /* EditProfile */,
				A479BD0025F7DD1800A26D04 /* ProfilePosts */,
				A47F7CB025C01D1200233BF3 /* MainProfile */,
			);
			path = ProfileModule;
			sourceTree = "<group>";
		};
		A425846725A636E3005EB7BE /* TabBarItems */ = {
			isa = PBXGroup;
			children = (
				A42584DD25A72D9C005EB7BE /* SearchModule */,
				A425846525A636D5005EB7BE /* ProfileModule */,
				A425846425A636CA005EB7BE /* ActivityModule */,
				A425846325A636BD005EB7BE /* AddPostModule */,
				A425846125A636A2005EB7BE /* HomeFeedModule */,
			);
			path = TabBarItems;
			sourceTree = "<group>";
		};
		A425848F25A63E5F005EB7BE /* Common */ = {
			isa = PBXGroup;
			children = (
				A4BEF4A225BB094100A59149 /* Extensions */,
				A42584EE25A72DE0005EB7BE /* ViperBaseClasses.swift */,
				A479AE1625B0854B009DF940 /* RootNavigationController.swift */,
				A4BEF48825BB029700A59149 /* InteractableProfilePhoto.swift */,
				A4BEF4A625BB0B6400A59149 /* SeperatorLineView.swift */,
				A48BD15125E6A91D00E13455 /* ImagePicker.swift */,
				A462629E261CA402000FEDD0 /* PostTable */,
				A479BC4C25F79C0400A26D04 /* TextView.swift */,
				A479BD6125FBB9A600A26D04 /* FollowUnfollowButton.swift */,
				A48FF9CB2639A078008C4F7B /* ImageTapGesture.swift */,
				A4F646182652A4DC00B041E4 /* Constants.swift */,
			);
			path = Common;
			sourceTree = "<group>";
		};
		A42584DD25A72D9C005EB7BE /* SearchModule */ = {
			isa = PBXGroup;
			children = (
				A42584DE25A72DC7005EB7BE /* SearchViewInterfaces.swift */,
				A42584DF25A72DC7005EB7BE /* SearchViewPresenter.swift */,
				A42584E025A72DC7005EB7BE /* SearchViewViewController.swift */,
				A42584E125A72DC7005EB7BE /* SearchViewInteractor.swift */,
				A42584E225A72DC7005EB7BE /* SearchViewWireframe.swift */,
				A479BD4325FBAAFC00A26D04 /* UsersTableViewCell.swift */,
			);
			path = SearchModule;
			sourceTree = "<group>";
		};
		A425851825A73538005EB7BE /* LoginModule */ = {
			isa = PBXGroup;
			children = (
				A425851C25A73564005EB7BE /* LoginInterfaces.swift */,
				A425851D25A73564005EB7BE /* LoginPresenter.swift */,
				A425851E25A73564005EB7BE /* LoginViewController.swift */,
				A425851F25A73564005EB7BE /* LoginInteractor.swift */,
				A425852025A73564005EB7BE /* LoginWireframe.swift */,
			);
			path = LoginModule;
			sourceTree = "<group>";
		};
		A425854025A73989005EB7BE /* Modules */ = {
			isa = PBXGroup;
			children = (
				A479AB7C25ACA9D8009DF940 /* TabBar */,
				A4F83C2625AC5FCF009065A5 /* CreateUsernameModule */,
				A425851825A73538005EB7BE /* LoginModule */,
			);
			path = Modules;
			sourceTree = "<group>";
		};
		A459C00625BAFEC500859C94 /* EditProfile */ = {
			isa = PBXGroup;
			children = (
				A459C00725BAFF4B00859C94 /* EditProfileInterfaces.swift */,
				A459C00825BAFF4B00859C94 /* EditProfilePresenter.swift */,
				A459C00925BAFF4B00859C94 /* EditProfileViewController.swift */,
				A459C00A25BAFF4B00859C94 /* EditProfileInteractor.swift */,
				A459C00B25BAFF4B00859C94 /* EditProfileWireframe.swift */,
				A4BEF4DA25BB0FB600A59149 /* ProfileInformationForm.swift */,
				A44F1A1B25D41FA900483327 /* UpdateProfilePhoto.swift */,
			);
			path = EditProfile;
			sourceTree = "<group>";
		};
		A462629E261CA402000FEDD0 /* PostTable */ = {
			isa = PBXGroup;
			children = (
				A479BC4825F1345600A26D04 /* UsenameButton.swift */,
				A479BC2C25F1321100A26D04 /* PostTableView.swift */,
				A462629A261CA3E4000FEDD0 /* PostTableCell.swift */,
				A48FF9CF2639C182008C4F7B /* PostTableDataSource.swift */,
			);
			path = PostTable;
			sourceTree = "<group>";
		};
		A479AB7725ACA2ED009DF940 /* Services */ = {
			isa = PBXGroup;
			children = (
				A4C1CE9425EE693B000DC7ED /* Models */,
				A479BCC825F7BF7400A26D04 /* ProfileService.swift */,
				A4CC46C5262834EA0027A1D0 /* LikeService.swift */,
				A479AB7825ACA340009DF940 /* UserService.swift */,
				A4C1CE7425EE6810000DC7ED /* StorageService.swift */,
				A4C1CECB25EE8D09000DC7ED /* ProfilePhotoService.swift */,
				A4C1CE9025EE6868000DC7ED /* PostService.swift */,
				A479BD3F25FBA4C800A26D04 /* FollowService.swift */,
				A4CC46C126282B4D0027A1D0 /* ActivityService.swift */,
			);
			path = Services;
			sourceTree = "<group>";
		};
		A479AB7C25ACA9D8009DF940 /* TabBar */ = {
			isa = PBXGroup;
			children = (
				A479AB7D25ACA9F4009DF940 /* TabBarInterfaces.swift */,
				A479AB7E25ACA9F4009DF940 /* TabBarPresenter.swift */,
				A479AB7F25ACA9F4009DF940 /* TabBarViewController.swift */,
				A479AB8025ACA9F4009DF940 /* TabBarInteractor.swift */,
				A479AB8125ACA9F4009DF940 /* TabBarWireframe.swift */,
			);
			path = TabBar;
			sourceTree = "<group>";
		};
		A479BD0025F7DD1800A26D04 /* ProfilePosts */ = {
			isa = PBXGroup;
			children = (
				A479BD0325F7DD4E00A26D04 /* ProfilePostViewController.swift */,
			);
			path = ProfilePosts;
			sourceTree = "<group>";
		};
		A47E165A25D45D3300B1DB33 /* Settings */ = {
			isa = PBXGroup;
			children = (
				A47E167A25D6BA5700B1DB33 /* ProfileSettingsInterfaces.swift */,
				A47E167B25D6BA5700B1DB33 /* ProfileSettingsPresenter.swift */,
				A47E167C25D6BA5700B1DB33 /* ProfileSettingsViewController.swift */,
				A47E167D25D6BA5700B1DB33 /* ProfileSettingsInteractor.swift */,
				A47E167E25D6BA5700B1DB33 /* ProfileSettingsWireframe.swift */,
			);
			path = Settings;
			sourceTree = "<group>";
		};
		A47E167925D6B9DB00B1DB33 /* Menu */ = {
			isa = PBXGroup;
			children = (
				A47E165B25D45DA100B1DB33 /* PopupMenuViewController.swift */,
			);
			path = Menu;
			sourceTree = "<group>";
		};
		A47F7CA125C01C9700233BF3 /* EditProfileItem */ = {
			isa = PBXGroup;
			children = (
				A47F7CA225C01CF000233BF3 /* EditProfileItemInterfaces.swift */,
				A47F7CA325C01CF000233BF3 /* EditProfileItemPresenter.swift */,
				A47F7CA425C01CF000233BF3 /* EditProfileItemViewController.swift */,
				A47F7CA525C01CF000233BF3 /* EditProfileItemInteractor.swift */,
				A47F7CA625C01CF000233BF3 /* EditProfileItemWireframe.swift */,
			);
			path = EditProfileItem;
			sourceTree = "<group>";
		};
		A47F7CB025C01D1200233BF3 /* MainProfile */ = {
			isa = PBXGroup;
			children = (
				A495D93E2600CF8B00A6B7B2 /* PostCollectionView */,
				A425850B25A73088005EB7BE /* ProfileScreenInterfaces.swift */,
				A425850C25A73088005EB7BE /* ProfileScreenPresenter.swift */,
				A425850D25A73088005EB7BE /* ProfileScreenViewController.swift */,
				A425850E25A73088005EB7BE /* ProfileScreenInteractor.swift */,
				A425850F25A73088005EB7BE /* ProfileScreenWireframe.swift */,
				A435D49625B97C800097BD5A /* UserStatisticsContainer.swift */,
				A435D49C25B9B16B0097BD5A /* UserInformationStack.swift */,
				A4BB58FB25BAB08D0032777D /* EditProfileButton.swift */,
			);
			path = MainProfile;
			sourceTree = "<group>";
		};
		A48B338B25ED6BD600F0B6FE /* Post */ = {
			isa = PBXGroup;
			children = (
				A48B338E25ED6C3800F0B6FE /* PostInterfaces.swift */,
				A48B338F25ED6C3800F0B6FE /* PostPresenter.swift */,
				A48B339025ED6C3800F0B6FE /* PostViewController.swift */,
				A48B339125ED6C3800F0B6FE /* PostInteractor.swift */,
				A48B339225ED6C3800F0B6FE /* PostWireframe.swift */,
			);
			path = Post;
			sourceTree = "<group>";
		};
		A48B339A25ED6E8000F0B6FE /* AddPost */ = {
			isa = PBXGroup;
			children = (
				A425855D25A739D8005EB7BE /* AddPostInterfaces.swift */,
				A425855E25A739D8005EB7BE /* AddPostPresenter.swift */,
				A425855F25A739D8005EB7BE /* AddPostViewController.swift */,
				A425856025A739D8005EB7BE /* AddPostInteractor.swift */,
				A425856125A739D8005EB7BE /* AddPostWireframe.swift */,
				A45BF48C261C9AF500CF894A /* CameraRollCollectionViewCell.swift */,
				A41157162613CEB300A78DD9 /* CropScrollView.swift */,
			);
			path = AddPost;
			sourceTree = "<group>";
		};
		A495D93E2600CF8B00A6B7B2 /* PostCollectionView */ = {
			isa = PBXGroup;
			children = (
				A495D93F2600CFA100A6B7B2 /* PostCollectionViewParrallaxHeader.swift */,
				A495D9452600D25200A6B7B2 /* PostCollectionViewHeader.swift */,
				A495D94B2600D28500A6B7B2 /* PostCollectionViewCell.swift */,
			);
			path = PostCollectionView;
			sourceTree = "<group>";
		};
		A4BEF4A225BB094100A59149 /* Extensions */ = {
			isa = PBXGroup;
			children = (
				A48D4CDB2613C86A00ACAB21 /* UIView+Shimmer.swift */,
				A479AD9025ADE719009DF940 /* UIViewController+Spinner.swift */,
				A435D49225B971370097BD5A /* UIImage+Extension.swift */,
				A479AC2A25ACD7EC009DF940 /* UserDefaults+isFirstLaunch..swift */,
				A42585B425A7454A005EB7BE /* UIColor+Extension.swift */,
				A4CC46572626C64B0027A1D0 /* UIViewController+Extensions.swift */,
				A4F6460C2652A41D00B041E4 /* String+Extension.swift */,
				A4F646102652A47000B041E4 /* UIDevice+Extension.swift */,
			);
			path = Extensions;
			sourceTree = "<group>";
		};
		A4C1CE9425EE693B000DC7ED /* Models */ = {
			isa = PBXGroup;
			children = (
				A42585CF25A749B9005EB7BE /* UserModel.swift */,
				A4C1CE9525EE6950000DC7ED /* PostModel.swift */,
			);
			path = Models;
			sourceTree = "<group>";
		};
		A4D4B16425EE930B00115F5A /* ProfilePhoto */ = {
			isa = PBXGroup;
			children = (
				A4D4B16525EE935F00115F5A /* PopupUpdateProfilePhotoViewController.swift */,
			);
			path = ProfilePhoto;
			sourceTree = "<group>";
		};
		A4F83C2625AC5FCF009065A5 /* CreateUsernameModule */ = {
			isa = PBXGroup;
			children = (
				A479AD4025ADD1D9009DF940 /* CreateUserInterfaces.swift */,
				A479AD4125ADD1D9009DF940 /* CreateUserPresenter.swift */,
				A479AD4225ADD1D9009DF940 /* CreateUserViewController.swift */,
				A479AD4325ADD1D9009DF940 /* CreateUserInteractor.swift */,
				A479AD4425ADD1D9009DF940 /* CreateUserWireframe.swift */,
			);
			path = CreateUsernameModule;
			sourceTree = "<group>";
		};
		E27C966BFCF60BA0C20FFFE1 /* Frameworks */ = {
			isa = PBXGroup;
			children = (
				A42589D725AB8320005EB7BE /* CoreServices.framework */,
				A42589D525AB8313005EB7BE /* UIKit.framework */,
				E30D1A55956138AD56006D78 /* Pods_PortfolioSocial.framework */,
				EBE4AE32691C44559FF5FF93 /* Pods_PortfolioSocial_PortfolioSocialUITests.framework */,
				FF2243DD519066110630F6DE /* Pods_PortfolioSocialTests.framework */,
			);
			name = Frameworks;
			sourceTree = "<group>";
		};
/* End PBXGroup section */

/* Begin PBXNativeTarget section */
		A425842425A614E0005EB7BE /* PortfolioSocial */ = {
			isa = PBXNativeTarget;
			buildConfigurationList = A425844F25A614E4005EB7BE /* Build configuration list for PBXNativeTarget "PortfolioSocial" */;
			buildPhases = (
				858D7AA5F5D81BD657F38B79 /* [CP] Check Pods Manifest.lock */,
				A425842125A614E0005EB7BE /* Sources */,
				A425842225A614E0005EB7BE /* Frameworks */,
				A425842325A614E0005EB7BE /* Resources */,
				A42588B125A75958005EB7BE /* Embed Frameworks */,
				A72F6B384EFC306796EC0674 /* [CP] Embed Pods Frameworks */,
				63573C8DD80337AAB3AC6D06 /* [CP] Copy Pods Resources */,
				A4F6461E2652A71C00B041E4 /* ShellScript */,
			);
			buildRules = (
			);
			dependencies = (
			);
			name = PortfolioSocial;
			productName = PortfolioSocial;
			productReference = A425842525A614E0005EB7BE /* PortfolioSocial.app */;
			productType = "com.apple.product-type.application";
		};
		A425843A25A614E4005EB7BE /* PortfolioSocialTests */ = {
			isa = PBXNativeTarget;
			buildConfigurationList = A425845225A614E4005EB7BE /* Build configuration list for PBXNativeTarget "PortfolioSocialTests" */;
			buildPhases = (
				41B4BEB84201A25825D32F89 /* [CP] Check Pods Manifest.lock */,
				A425843725A614E4005EB7BE /* Sources */,
				A425843825A614E4005EB7BE /* Frameworks */,
				A425843925A614E4005EB7BE /* Resources */,
			);
			buildRules = (
			);
			dependencies = (
				A425843D25A614E4005EB7BE /* PBXTargetDependency */,
			);
			name = PortfolioSocialTests;
			productName = PortfolioSocialTests;
			productReference = A425843B25A614E4005EB7BE /* PortfolioSocialTests.xctest */;
			productType = "com.apple.product-type.bundle.unit-test";
		};
		A425844525A614E4005EB7BE /* PortfolioSocialUITests */ = {
			isa = PBXNativeTarget;
			buildConfigurationList = A425845525A614E4005EB7BE /* Build configuration list for PBXNativeTarget "PortfolioSocialUITests" */;
			buildPhases = (
				DBF96A8D3C7A73E34A717BDF /* [CP] Check Pods Manifest.lock */,
				A425844225A614E4005EB7BE /* Sources */,
				A425844325A614E4005EB7BE /* Frameworks */,
				A425844425A614E4005EB7BE /* Resources */,
				D9E0FE40448D1D4EAB729C1E /* [CP] Embed Pods Frameworks */,
				64EC0F47DD698FD2007EA30B /* [CP] Copy Pods Resources */,
			);
			buildRules = (
			);
			dependencies = (
				A425844825A614E4005EB7BE /* PBXTargetDependency */,
			);
			name = PortfolioSocialUITests;
			productName = PortfolioSocialUITests;
			productReference = A425844625A614E4005EB7BE /* PortfolioSocialUITests.xctest */;
			productType = "com.apple.product-type.bundle.ui-testing";
		};
/* End PBXNativeTarget section */

/* Begin PBXProject section */
		A425841D25A614E0005EB7BE /* Project object */ = {
			isa = PBXProject;
			attributes = {
				LastSwiftUpdateCheck = 1220;
				LastUpgradeCheck = 1220;
				TargetAttributes = {
					A425842425A614E0005EB7BE = {
						CreatedOnToolsVersion = 12.2;
					};
					A425843A25A614E4005EB7BE = {
						CreatedOnToolsVersion = 12.2;
						TestTargetID = A425842425A614E0005EB7BE;
					};
					A425844525A614E4005EB7BE = {
						CreatedOnToolsVersion = 12.2;
						TestTargetID = A425842425A614E0005EB7BE;
					};
				};
			};
			buildConfigurationList = A425842025A614E0005EB7BE /* Build configuration list for PBXProject "PortfolioSocial" */;
			compatibilityVersion = "Xcode 9.3";
			developmentRegion = en;
			hasScannedForEncodings = 0;
			knownRegions = (
				en,
				Base,
			);
			mainGroup = A425841C25A614E0005EB7BE;
			productRefGroup = A425842625A614E0005EB7BE /* Products */;
			projectDirPath = "";
			projectRoot = "";
			targets = (
				A425842425A614E0005EB7BE /* PortfolioSocial */,
				A425843A25A614E4005EB7BE /* PortfolioSocialTests */,
				A425844525A614E4005EB7BE /* PortfolioSocialUITests */,
			);
		};
/* End PBXProject section */

/* Begin PBXResourcesBuildPhase section */
		A425842325A614E0005EB7BE /* Resources */ = {
			isa = PBXResourcesBuildPhase;
			buildActionMask = 2147483647;
			files = (
				A425843525A614E3005EB7BE /* LaunchScreen.storyboard in Resources */,
				A425897A25A77005005EB7BE /* GoogleService-Info.plist in Resources */,
				A425843225A614E3005EB7BE /* Assets.xcassets in Resources */,
				A425843025A614E0005EB7BE /* Main.storyboard in Resources */,
			);
			runOnlyForDeploymentPostprocessing = 0;
		};
		A425843925A614E4005EB7BE /* Resources */ = {
			isa = PBXResourcesBuildPhase;
			buildActionMask = 2147483647;
			files = (
			);
			runOnlyForDeploymentPostprocessing = 0;
		};
		A425844425A614E4005EB7BE /* Resources */ = {
			isa = PBXResourcesBuildPhase;
			buildActionMask = 2147483647;
			files = (
			);
			runOnlyForDeploymentPostprocessing = 0;
		};
/* End PBXResourcesBuildPhase section */

/* Begin PBXShellScriptBuildPhase section */
		41B4BEB84201A25825D32F89 /* [CP] Check Pods Manifest.lock */ = {
			isa = PBXShellScriptBuildPhase;
			buildActionMask = 2147483647;
			files = (
			);
			inputFileListPaths = (
			);
			inputPaths = (
				"${PODS_PODFILE_DIR_PATH}/Podfile.lock",
				"${PODS_ROOT}/Manifest.lock",
			);
			name = "[CP] Check Pods Manifest.lock";
			outputFileListPaths = (
			);
			outputPaths = (
				"$(DERIVED_FILE_DIR)/Pods-PortfolioSocialTests-checkManifestLockResult.txt",
			);
			runOnlyForDeploymentPostprocessing = 0;
			shellPath = /bin/sh;
			shellScript = "diff \"${PODS_PODFILE_DIR_PATH}/Podfile.lock\" \"${PODS_ROOT}/Manifest.lock\" > /dev/null\nif [ $? != 0 ] ; then\n    # print error to STDERR\n    echo \"error: The sandbox is not in sync with the Podfile.lock. Run 'pod install' or update your CocoaPods installation.\" >&2\n    exit 1\nfi\n# This output is used by Xcode 'outputs' to avoid re-running this script phase.\necho \"SUCCESS\" > \"${SCRIPT_OUTPUT_FILE_0}\"\n";
			showEnvVarsInLog = 0;
		};
		63573C8DD80337AAB3AC6D06 /* [CP] Copy Pods Resources */ = {
			isa = PBXShellScriptBuildPhase;
			buildActionMask = 2147483647;
			files = (
			);
			inputFileListPaths = (
				"${PODS_ROOT}/Target Support Files/Pods-PortfolioSocial/Pods-PortfolioSocial-resources-${CONFIGURATION}-input-files.xcfilelist",
			);
			name = "[CP] Copy Pods Resources";
			outputFileListPaths = (
				"${PODS_ROOT}/Target Support Files/Pods-PortfolioSocial/Pods-PortfolioSocial-resources-${CONFIGURATION}-output-files.xcfilelist",
			);
			runOnlyForDeploymentPostprocessing = 0;
			shellPath = /bin/sh;
			shellScript = "\"${PODS_ROOT}/Target Support Files/Pods-PortfolioSocial/Pods-PortfolioSocial-resources.sh\"\n";
			showEnvVarsInLog = 0;
		};
		64EC0F47DD698FD2007EA30B /* [CP] Copy Pods Resources */ = {
			isa = PBXShellScriptBuildPhase;
			buildActionMask = 2147483647;
			files = (
			);
			inputFileListPaths = (
				"${PODS_ROOT}/Target Support Files/Pods-PortfolioSocial-PortfolioSocialUITests/Pods-PortfolioSocial-PortfolioSocialUITests-resources-${CONFIGURATION}-input-files.xcfilelist",
			);
			name = "[CP] Copy Pods Resources";
			outputFileListPaths = (
				"${PODS_ROOT}/Target Support Files/Pods-PortfolioSocial-PortfolioSocialUITests/Pods-PortfolioSocial-PortfolioSocialUITests-resources-${CONFIGURATION}-output-files.xcfilelist",
			);
			runOnlyForDeploymentPostprocessing = 0;
			shellPath = /bin/sh;
			shellScript = "\"${PODS_ROOT}/Target Support Files/Pods-PortfolioSocial-PortfolioSocialUITests/Pods-PortfolioSocial-PortfolioSocialUITests-resources.sh\"\n";
			showEnvVarsInLog = 0;
		};
		858D7AA5F5D81BD657F38B79 /* [CP] Check Pods Manifest.lock */ = {
			isa = PBXShellScriptBuildPhase;
			buildActionMask = 2147483647;
			files = (
			);
			inputFileListPaths = (
			);
			inputPaths = (
				"${PODS_PODFILE_DIR_PATH}/Podfile.lock",
				"${PODS_ROOT}/Manifest.lock",
			);
			name = "[CP] Check Pods Manifest.lock";
			outputFileListPaths = (
			);
			outputPaths = (
				"$(DERIVED_FILE_DIR)/Pods-PortfolioSocial-checkManifestLockResult.txt",
			);
			runOnlyForDeploymentPostprocessing = 0;
			shellPath = /bin/sh;
			shellScript = "diff \"${PODS_PODFILE_DIR_PATH}/Podfile.lock\" \"${PODS_ROOT}/Manifest.lock\" > /dev/null\nif [ $? != 0 ] ; then\n    # print error to STDERR\n    echo \"error: The sandbox is not in sync with the Podfile.lock. Run 'pod install' or update your CocoaPods installation.\" >&2\n    exit 1\nfi\n# This output is used by Xcode 'outputs' to avoid re-running this script phase.\necho \"SUCCESS\" > \"${SCRIPT_OUTPUT_FILE_0}\"\n";
			showEnvVarsInLog = 0;
		};
		A4F6461E2652A71C00B041E4 /* ShellScript */ = {
			isa = PBXShellScriptBuildPhase;
			buildActionMask = 2147483647;
			files = (
			);
			inputFileListPaths = (
			);
			inputPaths = (
			);
			outputFileListPaths = (
			);
			outputPaths = (
			);
			runOnlyForDeploymentPostprocessing = 0;
			shellPath = /bin/sh;
			shellScript = "# Type a script or drag a script file from your workspace to insert its path.\nif which swiftlint >/dev/null; then\n  swiftlint\nelse\n  echo \"warning: SwiftLint not installed, download from https://github.com/realm/SwiftLint\"\nfi\n";
		};
		A72F6B384EFC306796EC0674 /* [CP] Embed Pods Frameworks */ = {
			isa = PBXShellScriptBuildPhase;
			buildActionMask = 2147483647;
			files = (
			);
			inputFileListPaths = (
				"${PODS_ROOT}/Target Support Files/Pods-PortfolioSocial/Pods-PortfolioSocial-frameworks-${CONFIGURATION}-input-files.xcfilelist",
			);
			name = "[CP] Embed Pods Frameworks";
			outputFileListPaths = (
				"${PODS_ROOT}/Target Support Files/Pods-PortfolioSocial/Pods-PortfolioSocial-frameworks-${CONFIGURATION}-output-files.xcfilelist",
			);
			runOnlyForDeploymentPostprocessing = 0;
			shellPath = /bin/sh;
			shellScript = "\"${PODS_ROOT}/Target Support Files/Pods-PortfolioSocial/Pods-PortfolioSocial-frameworks.sh\"\n";
			showEnvVarsInLog = 0;
		};
		D9E0FE40448D1D4EAB729C1E /* [CP] Embed Pods Frameworks */ = {
			isa = PBXShellScriptBuildPhase;
			buildActionMask = 2147483647;
			files = (
			);
			inputFileListPaths = (
				"${PODS_ROOT}/Target Support Files/Pods-PortfolioSocial-PortfolioSocialUITests/Pods-PortfolioSocial-PortfolioSocialUITests-frameworks-${CONFIGURATION}-input-files.xcfilelist",
			);
			name = "[CP] Embed Pods Frameworks";
			outputFileListPaths = (
				"${PODS_ROOT}/Target Support Files/Pods-PortfolioSocial-PortfolioSocialUITests/Pods-PortfolioSocial-PortfolioSocialUITests-frameworks-${CONFIGURATION}-output-files.xcfilelist",
			);
			runOnlyForDeploymentPostprocessing = 0;
			shellPath = /bin/sh;
			shellScript = "\"${PODS_ROOT}/Target Support Files/Pods-PortfolioSocial-PortfolioSocialUITests/Pods-PortfolioSocial-PortfolioSocialUITests-frameworks.sh\"\n";
			showEnvVarsInLog = 0;
		};
		DBF96A8D3C7A73E34A717BDF /* [CP] Check Pods Manifest.lock */ = {
			isa = PBXShellScriptBuildPhase;
			buildActionMask = 2147483647;
			files = (
			);
			inputFileListPaths = (
			);
			inputPaths = (
				"${PODS_PODFILE_DIR_PATH}/Podfile.lock",
				"${PODS_ROOT}/Manifest.lock",
			);
			name = "[CP] Check Pods Manifest.lock";
			outputFileListPaths = (
			);
			outputPaths = (
				"$(DERIVED_FILE_DIR)/Pods-PortfolioSocial-PortfolioSocialUITests-checkManifestLockResult.txt",
			);
			runOnlyForDeploymentPostprocessing = 0;
			shellPath = /bin/sh;
			shellScript = "diff \"${PODS_PODFILE_DIR_PATH}/Podfile.lock\" \"${PODS_ROOT}/Manifest.lock\" > /dev/null\nif [ $? != 0 ] ; then\n    # print error to STDERR\n    echo \"error: The sandbox is not in sync with the Podfile.lock. Run 'pod install' or update your CocoaPods installation.\" >&2\n    exit 1\nfi\n# This output is used by Xcode 'outputs' to avoid re-running this script phase.\necho \"SUCCESS\" > \"${SCRIPT_OUTPUT_FILE_0}\"\n";
			showEnvVarsInLog = 0;
		};
/* End PBXShellScriptBuildPhase section */

/* Begin PBXSourcesBuildPhase section */
		A425842125A614E0005EB7BE /* Sources */ = {
			isa = PBXSourcesBuildPhase;
			buildActionMask = 2147483647;
			files = (
				A479AD4525ADD1D9009DF940 /* CreateUserInterfaces.swift in Sources */,
				A479AB8225ACA9F4009DF940 /* TabBarInterfaces.swift in Sources */,
				A4BEF4DB25BB0FB600A59149 /* ProfileInformationForm.swift in Sources */,
				A479BC4D25F79C0400A26D04 /* TextView.swift in Sources */,
				A47E168025D6BA5700B1DB33 /* ProfileSettingsPresenter.swift in Sources */,
				A495D94C2600D28500A6B7B2 /* PostCollectionViewCell.swift in Sources */,
				A47F7CA925C01CF000233BF3 /* EditProfileItemViewController.swift in Sources */,
				A479BD4425FBAAFC00A26D04 /* UsersTableViewCell.swift in Sources */,
				A42585D025A749B9005EB7BE /* UserModel.swift in Sources */,
				A425857525A739EA005EB7BE /* HomeFeedInteractor.swift in Sources */,
				A41013C1262D9773005B0D9D /* ActivityCell.swift in Sources */,
				A4BEF48925BB029700A59149 /* InteractableProfilePhoto.swift in Sources */,
				A479BC4925F1345600A26D04 /* UsenameButton.swift in Sources */,
				A425852325A73564005EB7BE /* LoginViewController.swift in Sources */,
				A4CC46C226282B4D0027A1D0 /* ActivityService.swift in Sources */,
				A425851125A73088005EB7BE /* ProfileScreenPresenter.swift in Sources */,
				A48B339325ED6C3800F0B6FE /* PostInterfaces.swift in Sources */,
				A425854F25A739C7005EB7BE /* ActivityInterfaces.swift in Sources */,
				A425842925A614E0005EB7BE /* AppDelegate.swift in Sources */,
				A4C1CE7525EE6810000DC7ED /* StorageService.swift in Sources */,
				A459C00D25BAFF4B00859C94 /* EditProfilePresenter.swift in Sources */,
				A47E168225D6BA5700B1DB33 /* ProfileSettingsInteractor.swift in Sources */,
				A41157172613CEB300A78DD9 /* CropScrollView.swift in Sources */,
				A4CC46582626C64B0027A1D0 /* UIViewController+Extensions.swift in Sources */,
				A425857625A739EA005EB7BE /* HomeFeedWireframe.swift in Sources */,
				A479AD4925ADD1DA009DF940 /* CreateUserWireframe.swift in Sources */,
				A459C00E25BAFF4B00859C94 /* EditProfileViewController.swift in Sources */,
				A48B339525ED6C3800F0B6FE /* PostViewController.swift in Sources */,
				A4BEF4A725BB0B6400A59149 /* SeperatorLineView.swift in Sources */,
				A42584EF25A72DE0005EB7BE /* ViperBaseClasses.swift in Sources */,
				A42584E725A72DC7005EB7BE /* SearchViewWireframe.swift in Sources */,
				A425852225A73564005EB7BE /* LoginPresenter.swift in Sources */,
				A459C00C25BAFF4B00859C94 /* EditProfileInterfaces.swift in Sources */,
				A48FF9CC2639A078008C4F7B /* ImageTapGesture.swift in Sources */,
				A4C1CE9125EE6869000DC7ED /* PostService.swift in Sources */,
				A495D9462600D25200A6B7B2 /* PostCollectionViewHeader.swift in Sources */,
				A47F7CA725C01CF000233BF3 /* EditProfileItemInterfaces.swift in Sources */,
				A4CC46C6262834EA0027A1D0 /* LikeService.swift in Sources */,
				A425855325A739C7005EB7BE /* ActivityWireframe.swift in Sources */,
				A425851225A73088005EB7BE /* ProfileScreenViewController.swift in Sources */,
				A425852125A73564005EB7BE /* LoginInterfaces.swift in Sources */,
				A47E167F25D6BA5700B1DB33 /* ProfileSettingsInterfaces.swift in Sources */,
				A425855225A739C7005EB7BE /* ActivityInteractor.swift in Sources */,
				A4F646112652A47000B041E4 /* UIDevice+Extension.swift in Sources */,
				A44F1A1C25D41FA900483327 /* UpdateProfilePhoto.swift in Sources */,
				A4F646192652A4DC00B041E4 /* Constants.swift in Sources */,
				A435D49725B97C800097BD5A /* UserStatisticsContainer.swift in Sources */,
				A42584E325A72DC7005EB7BE /* SearchViewInterfaces.swift in Sources */,
				A479BD0825F7DD4E00A26D04 /* ProfilePostViewController.swift in Sources */,
				A48B339625ED6C3800F0B6FE /* PostInteractor.swift in Sources */,
				A47F7CAA25C01CF000233BF3 /* EditProfileItemInteractor.swift in Sources */,
				A479AD4725ADD1D9009DF940 /* CreateUserViewController.swift in Sources */,
				A4C1CECC25EE8D09000DC7ED /* ProfilePhotoService.swift in Sources */,
				A462629B261CA3E4000FEDD0 /* PostTableCell.swift in Sources */,
				A495D9402600CFA100A6B7B2 /* PostCollectionViewParrallaxHeader.swift in Sources */,
				A42585B525A7454A005EB7BE /* UIColor+Extension.swift in Sources */,
				A47F7CA825C01CF000233BF3 /* EditProfileItemPresenter.swift in Sources */,
				A479AD4825ADD1DA009DF940 /* CreateUserInteractor.swift in Sources */,
				A479AB8325ACA9F4009DF940 /* TabBarPresenter.swift in Sources */,
				A479AD4625ADD1D9009DF940 /* CreateUserPresenter.swift in Sources */,
				A425857325A739EA005EB7BE /* HomeFeedPresenter.swift in Sources */,
				A4BB58FC25BAB08D0032777D /* EditProfileButton.swift in Sources */,
				A4C1CE9625EE6950000DC7ED /* PostModel.swift in Sources */,
				A479AC2B25ACD7EC009DF940 /* UserDefaults+isFirstLaunch..swift in Sources */,
				A479BD4025FBA4C800A26D04 /* FollowService.swift in Sources */,
				A459C01025BAFF4B00859C94 /* EditProfileWireframe.swift in Sources */,
				A479AB7925ACA340009DF940 /* UserService.swift in Sources */,
				A479AD9125ADE719009DF940 /* UIViewController+Spinner.swift in Sources */,
				A42584E625A72DC7005EB7BE /* SearchViewInteractor.swift in Sources */,
				A425856225A739D8005EB7BE /* AddPostInterfaces.swift in Sources */,
				A425851325A73088005EB7BE /* ProfileScreenInteractor.swift in Sources */,
				A425852425A73564005EB7BE /* LoginInteractor.swift in Sources */,
				A479BC2D25F1321100A26D04 /* PostTableView.swift in Sources */,
				A425856325A739D8005EB7BE /* AddPostPresenter.swift in Sources */,
				A435D49D25B9B16B0097BD5A /* UserInformationStack.swift in Sources */,
				A459C00F25BAFF4B00859C94 /* EditProfileInteractor.swift in Sources */,
				A425856525A739D8005EB7BE /* AddPostInteractor.swift in Sources */,
				A425857425A739EA005EB7BE /* HomeFeedViewController.swift in Sources */,
				A425857225A739EA005EB7BE /* HomeFeedInterfaces.swift in Sources */,
				A4F6460D2652A41D00B041E4 /* String+Extension.swift in Sources */,
				A425855025A739C7005EB7BE /* ActivityPresenter.swift in Sources */,
				A48B339425ED6C3800F0B6FE /* PostPresenter.swift in Sources */,
				A479AB8425ACA9F4009DF940 /* TabBarViewController.swift in Sources */,
				A435D49325B971370097BD5A /* UIImage+Extension.swift in Sources */,
				A48D4CDC2613C86A00ACAB21 /* UIView+Shimmer.swift in Sources */,
				A42584E525A72DC7005EB7BE /* SearchViewViewController.swift in Sources */,
				A479AE1725B0854B009DF940 /* RootNavigationController.swift in Sources */,
				A425856425A739D8005EB7BE /* AddPostViewController.swift in Sources */,
				A479BD6225FBB9A600A26D04 /* FollowUnfollowButton.swift in Sources */,
				A42584E425A72DC7005EB7BE /* SearchViewPresenter.swift in Sources */,
				A479AB8625ACA9F4009DF940 /* TabBarWireframe.swift in Sources */,
				A479BCC925F7BF7400A26D04 /* ProfileService.swift in Sources */,
				A48B339725ED6C3800F0B6FE /* PostWireframe.swift in Sources */,
				A47E168325D6BA5700B1DB33 /* ProfileSettingsWireframe.swift in Sources */,
				A425851425A73088005EB7BE /* ProfileScreenWireframe.swift in Sources */,
				A47E165C25D45DA100B1DB33 /* PopupMenuViewController.swift in Sources */,
				A425855125A739C7005EB7BE /* ActivityViewController.swift in Sources */,
				A425852525A73564005EB7BE /* LoginWireframe.swift in Sources */,
				A425856625A739D8005EB7BE /* AddPostWireframe.swift in Sources */,
				A47E168125D6BA5700B1DB33 /* ProfileSettingsViewController.swift in Sources */,
				A45BF48D261C9AF500CF894A /* CameraRollCollectionViewCell.swift in Sources */,
				A479AB8525ACA9F4009DF940 /* TabBarInteractor.swift in Sources */,
				A4D4B16625EE935F00115F5A /* PopupUpdateProfilePhotoViewController.swift in Sources */,
				A48FF9D02639C182008C4F7B /* PostTableDataSource.swift in Sources */,
				A48BD15225E6A91D00E13455 /* ImagePicker.swift in Sources */,
				A425851025A73088005EB7BE /* ProfileScreenInterfaces.swift in Sources */,
				A425846F25A637DE005EB7BE /* TabBarController.swift in Sources */,
				A47F7CAB25C01CF000233BF3 /* EditProfileItemWireframe.swift in Sources */,
			);
			runOnlyForDeploymentPostprocessing = 0;
		};
		A425843725A614E4005EB7BE /* Sources */ = {
			isa = PBXSourcesBuildPhase;
			buildActionMask = 2147483647;
			files = (
				A425844025A614E4005EB7BE /* PortfolioSocialTests.swift in Sources */,
			);
			runOnlyForDeploymentPostprocessing = 0;
		};
		A425844225A614E4005EB7BE /* Sources */ = {
			isa = PBXSourcesBuildPhase;
			buildActionMask = 2147483647;
			files = (
				A425844B25A614E4005EB7BE /* PortfolioSocialUITests.swift in Sources */,
			);
			runOnlyForDeploymentPostprocessing = 0;
		};
/* End PBXSourcesBuildPhase section */

/* Begin PBXTargetDependency section */
		A425843D25A614E4005EB7BE /* PBXTargetDependency */ = {
			isa = PBXTargetDependency;
			target = A425842425A614E0005EB7BE /* PortfolioSocial */;
			targetProxy = A425843C25A614E4005EB7BE /* PBXContainerItemProxy */;
		};
		A425844825A614E4005EB7BE /* PBXTargetDependency */ = {
			isa = PBXTargetDependency;
			target = A425842425A614E0005EB7BE /* PortfolioSocial */;
			targetProxy = A425844725A614E4005EB7BE /* PBXContainerItemProxy */;
		};
/* End PBXTargetDependency section */

/* Begin PBXVariantGroup section */
		A425842E25A614E0005EB7BE /* Main.storyboard */ = {
			isa = PBXVariantGroup;
			children = (
				A425842F25A614E0005EB7BE /* Base */,
			);
			name = Main.storyboard;
			sourceTree = "<group>";
		};
		A425843325A614E3005EB7BE /* LaunchScreen.storyboard */ = {
			isa = PBXVariantGroup;
			children = (
				A425843425A614E3005EB7BE /* Base */,
			);
			name = LaunchScreen.storyboard;
			sourceTree = "<group>";
		};
/* End PBXVariantGroup section */

/* Begin XCBuildConfiguration section */
		A425844D25A614E4005EB7BE /* Debug */ = {
			isa = XCBuildConfiguration;
			buildSettings = {
				ALWAYS_SEARCH_USER_PATHS = NO;
				CLANG_ANALYZER_NONNULL = YES;
				CLANG_ANALYZER_NUMBER_OBJECT_CONVERSION = YES_AGGRESSIVE;
				CLANG_CXX_LANGUAGE_STANDARD = "gnu++14";
				CLANG_CXX_LIBRARY = "libc++";
				CLANG_ENABLE_MODULES = YES;
				CLANG_ENABLE_OBJC_ARC = YES;
				CLANG_ENABLE_OBJC_WEAK = YES;
				CLANG_WARN_BLOCK_CAPTURE_AUTORELEASING = YES;
				CLANG_WARN_BOOL_CONVERSION = YES;
				CLANG_WARN_COMMA = YES;
				CLANG_WARN_CONSTANT_CONVERSION = YES;
				CLANG_WARN_DEPRECATED_OBJC_IMPLEMENTATIONS = YES;
				CLANG_WARN_DIRECT_OBJC_ISA_USAGE = YES_ERROR;
				CLANG_WARN_DOCUMENTATION_COMMENTS = YES;
				CLANG_WARN_EMPTY_BODY = YES;
				CLANG_WARN_ENUM_CONVERSION = YES;
				CLANG_WARN_INFINITE_RECURSION = YES;
				CLANG_WARN_INT_CONVERSION = YES;
				CLANG_WARN_NON_LITERAL_NULL_CONVERSION = YES;
				CLANG_WARN_OBJC_IMPLICIT_RETAIN_SELF = YES;
				CLANG_WARN_OBJC_LITERAL_CONVERSION = YES;
				CLANG_WARN_OBJC_ROOT_CLASS = YES_ERROR;
				CLANG_WARN_QUOTED_INCLUDE_IN_FRAMEWORK_HEADER = YES;
				CLANG_WARN_RANGE_LOOP_ANALYSIS = YES;
				CLANG_WARN_STRICT_PROTOTYPES = YES;
				CLANG_WARN_SUSPICIOUS_MOVE = YES;
				CLANG_WARN_UNGUARDED_AVAILABILITY = YES_AGGRESSIVE;
				CLANG_WARN_UNREACHABLE_CODE = YES;
				CLANG_WARN__DUPLICATE_METHOD_MATCH = YES;
				COPY_PHASE_STRIP = NO;
				DEBUG_INFORMATION_FORMAT = dwarf;
				ENABLE_STRICT_OBJC_MSGSEND = YES;
				ENABLE_TESTABILITY = YES;
				GCC_C_LANGUAGE_STANDARD = gnu11;
				GCC_DYNAMIC_NO_PIC = NO;
				GCC_NO_COMMON_BLOCKS = YES;
				GCC_OPTIMIZATION_LEVEL = 0;
				GCC_PREPROCESSOR_DEFINITIONS = (
					"DEBUG=1",
					"$(inherited)",
				);
				GCC_WARN_64_TO_32_BIT_CONVERSION = YES;
				GCC_WARN_ABOUT_RETURN_TYPE = YES_ERROR;
				GCC_WARN_UNDECLARED_SELECTOR = YES;
				GCC_WARN_UNINITIALIZED_AUTOS = YES_AGGRESSIVE;
				GCC_WARN_UNUSED_FUNCTION = YES;
				GCC_WARN_UNUSED_VARIABLE = YES;
				IPHONEOS_DEPLOYMENT_TARGET = 13.0;
				MTL_ENABLE_DEBUG_INFO = INCLUDE_SOURCE;
				MTL_FAST_MATH = YES;
				ONLY_ACTIVE_ARCH = YES;
				SDKROOT = iphoneos;
				SWIFT_ACTIVE_COMPILATION_CONDITIONS = DEBUG;
				SWIFT_OPTIMIZATION_LEVEL = "-Onone";
			};
			name = Debug;
		};
		A425844E25A614E4005EB7BE /* Release */ = {
			isa = XCBuildConfiguration;
			buildSettings = {
				ALWAYS_SEARCH_USER_PATHS = NO;
				CLANG_ANALYZER_NONNULL = YES;
				CLANG_ANALYZER_NUMBER_OBJECT_CONVERSION = YES_AGGRESSIVE;
				CLANG_CXX_LANGUAGE_STANDARD = "gnu++14";
				CLANG_CXX_LIBRARY = "libc++";
				CLANG_ENABLE_MODULES = YES;
				CLANG_ENABLE_OBJC_ARC = YES;
				CLANG_ENABLE_OBJC_WEAK = YES;
				CLANG_WARN_BLOCK_CAPTURE_AUTORELEASING = YES;
				CLANG_WARN_BOOL_CONVERSION = YES;
				CLANG_WARN_COMMA = YES;
				CLANG_WARN_CONSTANT_CONVERSION = YES;
				CLANG_WARN_DEPRECATED_OBJC_IMPLEMENTATIONS = YES;
				CLANG_WARN_DIRECT_OBJC_ISA_USAGE = YES_ERROR;
				CLANG_WARN_DOCUMENTATION_COMMENTS = YES;
				CLANG_WARN_EMPTY_BODY = YES;
				CLANG_WARN_ENUM_CONVERSION = YES;
				CLANG_WARN_INFINITE_RECURSION = YES;
				CLANG_WARN_INT_CONVERSION = YES;
				CLANG_WARN_NON_LITERAL_NULL_CONVERSION = YES;
				CLANG_WARN_OBJC_IMPLICIT_RETAIN_SELF = YES;
				CLANG_WARN_OBJC_LITERAL_CONVERSION = YES;
				CLANG_WARN_OBJC_ROOT_CLASS = YES_ERROR;
				CLANG_WARN_QUOTED_INCLUDE_IN_FRAMEWORK_HEADER = YES;
				CLANG_WARN_RANGE_LOOP_ANALYSIS = YES;
				CLANG_WARN_STRICT_PROTOTYPES = YES;
				CLANG_WARN_SUSPICIOUS_MOVE = YES;
				CLANG_WARN_UNGUARDED_AVAILABILITY = YES_AGGRESSIVE;
				CLANG_WARN_UNREACHABLE_CODE = YES;
				CLANG_WARN__DUPLICATE_METHOD_MATCH = YES;
				COPY_PHASE_STRIP = NO;
				DEBUG_INFORMATION_FORMAT = "dwarf-with-dsym";
				ENABLE_NS_ASSERTIONS = NO;
				ENABLE_STRICT_OBJC_MSGSEND = YES;
				GCC_C_LANGUAGE_STANDARD = gnu11;
				GCC_NO_COMMON_BLOCKS = YES;
				GCC_WARN_64_TO_32_BIT_CONVERSION = YES;
				GCC_WARN_ABOUT_RETURN_TYPE = YES_ERROR;
				GCC_WARN_UNDECLARED_SELECTOR = YES;
				GCC_WARN_UNINITIALIZED_AUTOS = YES_AGGRESSIVE;
				GCC_WARN_UNUSED_FUNCTION = YES;
				GCC_WARN_UNUSED_VARIABLE = YES;
				IPHONEOS_DEPLOYMENT_TARGET = 13.0;
				MTL_ENABLE_DEBUG_INFO = NO;
				MTL_FAST_MATH = YES;
				SDKROOT = iphoneos;
				SWIFT_COMPILATION_MODE = wholemodule;
				SWIFT_OPTIMIZATION_LEVEL = "-O";
				VALIDATE_PRODUCT = YES;
			};
			name = Release;
		};
		A425845025A614E4005EB7BE /* Debug */ = {
			isa = XCBuildConfiguration;
			baseConfigurationReference = 29CD833397875D6AEEDCE058 /* Pods-PortfolioSocial.debug.xcconfig */;
			buildSettings = {
				ASSETCATALOG_COMPILER_APPICON_NAME = AppIcon;
				ASSETCATALOG_COMPILER_GLOBAL_ACCENT_COLOR_NAME = AccentColor;
				CODE_SIGN_IDENTITY = "Apple Development";
				CODE_SIGN_STYLE = Automatic;
				DEVELOPMENT_TEAM = CMGKJSD9NW;
				INFOPLIST_FILE = PortfolioSocial/Info.plist;
				LD_RUNPATH_SEARCH_PATHS = (
					"$(inherited)",
					"@executable_path/Frameworks",
				);
				MARKETING_VERSION = 1.1;
				OTHER_LDFLAGS = (
					"$(inherited)",
					"-l\"c++\"",
					"-l\"icucore\"",
					"-l\"sqlite3\"",
					"-l\"z\"",
					"-framework",
					"\"CFNetwork\"",
					"-framework",
					"\"CoreTelephony\"",
					"-framework",
					"\"FBLPromises\"",
					"-framework",
					"\"FIRAnalyticsConnector\"",
					"-framework",
					"\"FirebaseAnalytics\"",
					"-framework",
					"\"FirebaseAuth\"",
					"-framework",
					"\"FirebaseCore\"",
					"-framework",
					"\"FirebaseCoreDiagnostics\"",
					"-framework",
					"\"FirebaseDatabase\"",
					"-framework",
					"\"FirebaseInstallations\"",
					"-framework",
					"\"FirebaseUI\"",
					"-framework",
					"\"Foundation\"",
					"-framework",
					"\"GTMSessionFetcher\"",
					"-framework",
					"\"GoogleDataTransport\"",
					"-framework",
					"\"GoogleUtilities\"",
					"-framework",
					"\"SafariServices\"",
					"-framework",
					"\"Security\"",
					"-framework",
					"\"StoreKit\"",
					"-framework",
					"\"SystemConfiguration\"",
					"-framework",
					"\"UIKit\"",
					"-framework",
					"\"leveldb\"",
					"-framework",
					"\"nanopb\"",
					"$(inherited)",
				);
				PRODUCT_BUNDLE_IDENTIFIER = com.shaburov.develop.PortfolioSocial;
				PRODUCT_NAME = "$(TARGET_NAME)";
				PROVISIONING_PROFILE_SPECIFIER = "";
				SWIFT_VERSION = 5.0;
				TARGETED_DEVICE_FAMILY = "1,2";
			};
			name = Debug;
		};
		A425845125A614E4005EB7BE /* Release */ = {
			isa = XCBuildConfiguration;
			baseConfigurationReference = B4881378AAF51D2125022FD1 /* Pods-PortfolioSocial.release.xcconfig */;
			buildSettings = {
				ASSETCATALOG_COMPILER_APPICON_NAME = AppIcon;
				ASSETCATALOG_COMPILER_GLOBAL_ACCENT_COLOR_NAME = AccentColor;
				CODE_SIGN_IDENTITY = "Apple Development";
				CODE_SIGN_STYLE = Automatic;
				DEVELOPMENT_TEAM = CMGKJSD9NW;
				INFOPLIST_FILE = PortfolioSocial/Info.plist;
				LD_RUNPATH_SEARCH_PATHS = (
					"$(inherited)",
					"@executable_path/Frameworks",
				);
				MARKETING_VERSION = 1.1;
				OTHER_LDFLAGS = (
					"$(inherited)",
					"-l\"c++\"",
					"-l\"icucore\"",
					"-l\"sqlite3\"",
					"-l\"z\"",
					"-framework",
					"\"CFNetwork\"",
					"-framework",
					"\"CoreTelephony\"",
					"-framework",
					"\"FBLPromises\"",
					"-framework",
					"\"FIRAnalyticsConnector\"",
					"-framework",
					"\"FirebaseAnalytics\"",
					"-framework",
					"\"FirebaseAuth\"",
					"-framework",
					"\"FirebaseCore\"",
					"-framework",
					"\"FirebaseCoreDiagnostics\"",
					"-framework",
					"\"FirebaseDatabase\"",
					"-framework",
					"\"FirebaseInstallations\"",
					"-framework",
					"\"FirebaseUI\"",
					"-framework",
					"\"Foundation\"",
					"-framework",
					"\"GTMSessionFetcher\"",
					"-framework",
					"\"GoogleDataTransport\"",
					"-framework",
					"\"GoogleUtilities\"",
					"-framework",
					"\"SafariServices\"",
					"-framework",
					"\"Security\"",
					"-framework",
					"\"StoreKit\"",
					"-framework",
					"\"SystemConfiguration\"",
					"-framework",
					"\"UIKit\"",
					"-framework",
					"\"leveldb\"",
					"-framework",
					"\"nanopb\"",
					"$(inherited)",
				);
				PRODUCT_BUNDLE_IDENTIFIER = com.shaburov.develop.PortfolioSocial;
				PRODUCT_NAME = "$(TARGET_NAME)";
				PROVISIONING_PROFILE_SPECIFIER = "";
				SWIFT_VERSION = 5.0;
				TARGETED_DEVICE_FAMILY = "1,2";
			};
			name = Release;
		};
		A425845325A614E4005EB7BE /* Debug */ = {
			isa = XCBuildConfiguration;
			baseConfigurationReference = 917AA459F27AE325B1F5DBB7 /* Pods-PortfolioSocialTests.debug.xcconfig */;
			buildSettings = {
				ALWAYS_EMBED_SWIFT_STANDARD_LIBRARIES = YES;
				BUNDLE_LOADER = "$(TEST_HOST)";
				CODE_SIGN_STYLE = Automatic;
				DEVELOPMENT_TEAM = CMGKJSD9NW;
				INFOPLIST_FILE = PortfolioSocialTests/Info.plist;
				IPHONEOS_DEPLOYMENT_TARGET = 14.2;
				LD_RUNPATH_SEARCH_PATHS = (
					"$(inherited)",
					"@executable_path/Frameworks",
					"@loader_path/Frameworks",
				);
				PRODUCT_BUNDLE_IDENTIFIER = com.shaburov.develop.PortfolioSocialTests;
				PRODUCT_NAME = "$(TARGET_NAME)";
				SWIFT_VERSION = 5.0;
				TARGETED_DEVICE_FAMILY = "1,2";
				TEST_HOST = "$(BUILT_PRODUCTS_DIR)/PortfolioSocial.app/PortfolioSocial";
			};
			name = Debug;
		};
		A425845425A614E4005EB7BE /* Release */ = {
			isa = XCBuildConfiguration;
			baseConfigurationReference = 41C0EFD000F43ED4931ED589 /* Pods-PortfolioSocialTests.release.xcconfig */;
			buildSettings = {
				ALWAYS_EMBED_SWIFT_STANDARD_LIBRARIES = YES;
				BUNDLE_LOADER = "$(TEST_HOST)";
				CODE_SIGN_STYLE = Automatic;
				DEVELOPMENT_TEAM = CMGKJSD9NW;
				INFOPLIST_FILE = PortfolioSocialTests/Info.plist;
				IPHONEOS_DEPLOYMENT_TARGET = 14.2;
				LD_RUNPATH_SEARCH_PATHS = (
					"$(inherited)",
					"@executable_path/Frameworks",
					"@loader_path/Frameworks",
				);
				PRODUCT_BUNDLE_IDENTIFIER = com.shaburov.develop.PortfolioSocialTests;
				PRODUCT_NAME = "$(TARGET_NAME)";
				SWIFT_VERSION = 5.0;
				TARGETED_DEVICE_FAMILY = "1,2";
				TEST_HOST = "$(BUILT_PRODUCTS_DIR)/PortfolioSocial.app/PortfolioSocial";
			};
			name = Release;
		};
		A425845625A614E4005EB7BE /* Debug */ = {
			isa = XCBuildConfiguration;
			baseConfigurationReference = E0E6C3685B3E0EC3BBFA5352 /* Pods-PortfolioSocial-PortfolioSocialUITests.debug.xcconfig */;
			buildSettings = {
				ALWAYS_EMBED_SWIFT_STANDARD_LIBRARIES = YES;
				CODE_SIGN_STYLE = Automatic;
				DEVELOPMENT_TEAM = CMGKJSD9NW;
				INFOPLIST_FILE = PortfolioSocialUITests/Info.plist;
				LD_RUNPATH_SEARCH_PATHS = (
					"$(inherited)",
					"@executable_path/Frameworks",
					"@loader_path/Frameworks",
				);
				PRODUCT_BUNDLE_IDENTIFIER = com.shaburov.develop.PortfolioSocialUITests;
				PRODUCT_NAME = "$(TARGET_NAME)";
				SWIFT_VERSION = 5.0;
				TARGETED_DEVICE_FAMILY = "1,2";
				TEST_TARGET_NAME = PortfolioSocial;
			};
			name = Debug;
		};
		A425845725A614E4005EB7BE /* Release */ = {
			isa = XCBuildConfiguration;
			baseConfigurationReference = 50AB426056B6776B1E727101 /* Pods-PortfolioSocial-PortfolioSocialUITests.release.xcconfig */;
			buildSettings = {
				ALWAYS_EMBED_SWIFT_STANDARD_LIBRARIES = YES;
				CODE_SIGN_STYLE = Automatic;
				DEVELOPMENT_TEAM = CMGKJSD9NW;
				INFOPLIST_FILE = PortfolioSocialUITests/Info.plist;
				LD_RUNPATH_SEARCH_PATHS = (
					"$(inherited)",
					"@executable_path/Frameworks",
					"@loader_path/Frameworks",
				);
				PRODUCT_BUNDLE_IDENTIFIER = com.shaburov.develop.PortfolioSocialUITests;
				PRODUCT_NAME = "$(TARGET_NAME)";
				SWIFT_VERSION = 5.0;
				TARGETED_DEVICE_FAMILY = "1,2";
				TEST_TARGET_NAME = PortfolioSocial;
			};
			name = Release;
		};
/* End XCBuildConfiguration section */

/* Begin XCConfigurationList section */
		A425842025A614E0005EB7BE /* Build configuration list for PBXProject "PortfolioSocial" */ = {
			isa = XCConfigurationList;
			buildConfigurations = (
				A425844D25A614E4005EB7BE /* Debug */,
				A425844E25A614E4005EB7BE /* Release */,
			);
			defaultConfigurationIsVisible = 0;
			defaultConfigurationName = Release;
		};
		A425844F25A614E4005EB7BE /* Build configuration list for PBXNativeTarget "PortfolioSocial" */ = {
			isa = XCConfigurationList;
			buildConfigurations = (
				A425845025A614E4005EB7BE /* Debug */,
				A425845125A614E4005EB7BE /* Release */,
			);
			defaultConfigurationIsVisible = 0;
			defaultConfigurationName = Release;
		};
		A425845225A614E4005EB7BE /* Build configuration list for PBXNativeTarget "PortfolioSocialTests" */ = {
			isa = XCConfigurationList;
			buildConfigurations = (
				A425845325A614E4005EB7BE /* Debug */,
				A425845425A614E4005EB7BE /* Release */,
			);
			defaultConfigurationIsVisible = 0;
			defaultConfigurationName = Release;
		};
		A425845525A614E4005EB7BE /* Build configuration list for PBXNativeTarget "PortfolioSocialUITests" */ = {
			isa = XCConfigurationList;
			buildConfigurations = (
				A425845625A614E4005EB7BE /* Debug */,
				A425845725A614E4005EB7BE /* Release */,
			);
			defaultConfigurationIsVisible = 0;
			defaultConfigurationName = Release;
		};
/* End XCConfigurationList section */
	};
	rootObject = A425841D25A614E0005EB7BE /* Project object */;
}
